// !$*UTF8*$!
{
	archiveVersion = 1;
	classes = {
	};
	objectVersion = 46;
	objects = {

/* Begin PBXBuildFile section */
		40283CFB1D3F073F00D6D0BA /* README.md in Sources */ = {isa = PBXBuildFile; fileRef = 40283CFA1D3F073F00D6D0BA /* README.md */; };
		A494284C8871880245912A2E /* libPods-CRKit.a in Frameworks */ = {isa = PBXBuildFile; fileRef = 3BA7483A584D98DD89C4EBBF /* libPods-CRKit.a */; };
		DB2400172154E1F600E48101 /* UILabel+CRExtension.m in Sources */ = {isa = PBXBuildFile; fileRef = DB2400062154E1F400E48101 /* UILabel+CRExtension.m */; };
		DB2400182154E1F600E48101 /* UIImageView+CRExtension.m in Sources */ = {isa = PBXBuildFile; fileRef = DB2400082154E1F500E48101 /* UIImageView+CRExtension.m */; };
		DB2400192154E1F600E48101 /* UITextField+CRExtension.m in Sources */ = {isa = PBXBuildFile; fileRef = DB24000B2154E1F500E48101 /* UITextField+CRExtension.m */; };
		DB24001A2154E1F600E48101 /* NSMutableAttributedString+CRExtension.m in Sources */ = {isa = PBXBuildFile; fileRef = DB24000C2154E1F500E48101 /* NSMutableAttributedString+CRExtension.m */; };
		DB24001B2154E1F600E48101 /* NSUserDefaults+CRExtension.m in Sources */ = {isa = PBXBuildFile; fileRef = DB24000F2154E1F500E48101 /* NSUserDefaults+CRExtension.m */; };
		DB24001C2154E1F600E48101 /* UIScrollView+CRExtension.m in Sources */ = {isa = PBXBuildFile; fileRef = DB2400102154E1F500E48101 /* UIScrollView+CRExtension.m */; };
		DB24001D2154E1F600E48101 /* NSArray+CRExtension.m in Sources */ = {isa = PBXBuildFile; fileRef = DB2400132154E1F600E48101 /* NSArray+CRExtension.m */; };
		DB24001E2154E1F600E48101 /* UIButton+CRExtension.m in Sources */ = {isa = PBXBuildFile; fileRef = DB2400152154E1F600E48101 /* UIButton+CRExtension.m */; };
		DB24001F2154E1F600E48101 /* UIImage+CRExtension.m in Sources */ = {isa = PBXBuildFile; fileRef = DB2400162154E1F600E48101 /* UIImage+CRExtension.m */; };
		DB334DF11D386E49000C5BF8 /* PodStep in Resources */ = {isa = PBXBuildFile; fileRef = DB334DF01D386E49000C5BF8 /* PodStep */; };
		DB64E10F20EF090400B931B6 /* NSString+CRExtention.m in Sources */ = {isa = PBXBuildFile; fileRef = DB64E10220EF090300B931B6 /* NSString+CRExtention.m */; };
		DB64E11720EF10A000B931B6 /* CRTimeButton.m in Sources */ = {isa = PBXBuildFile; fileRef = DB64E11520EF10A000B931B6 /* CRTimeButton.m */; };
		DB64E12120EF12B700B931B6 /* CRBaseController.m in Sources */ = {isa = PBXBuildFile; fileRef = DB64E12020EF12B700B931B6 /* CRBaseController.m */; };
		DB64E12420EF12D500B931B6 /* CRNavigationController.m in Sources */ = {isa = PBXBuildFile; fileRef = DB64E12320EF12D500B931B6 /* CRNavigationController.m */; };
		DB64E12720EF12EC00B931B6 /* CRTabBarController.m in Sources */ = {isa = PBXBuildFile; fileRef = DB64E12620EF12EC00B931B6 /* CRTabBarController.m */; };
		DB64E12B20EF436000B931B6 /* CRTabBarItem.m in Sources */ = {isa = PBXBuildFile; fileRef = DB64E12A20EF436000B931B6 /* CRTabBarItem.m */; };
		DB64E12E20EF438800B931B6 /* CRTabBar.m in Sources */ = {isa = PBXBuildFile; fileRef = DB64E12D20EF438800B931B6 /* CRTabBar.m */; };
		DB64E13120EF439A00B931B6 /* CRTabBarItemModel.m in Sources */ = {isa = PBXBuildFile; fileRef = DB64E13020EF439A00B931B6 /* CRTabBarItemModel.m */; };
		DB64E13320EF43B000B931B6 /* CRTabBarItems.plist in Resources */ = {isa = PBXBuildFile; fileRef = DB64E13220EF43B000B931B6 /* CRTabBarItems.plist */; };
		DB6F256F1D3729FF00B6CA60 /* main.m in Sources */ = {isa = PBXBuildFile; fileRef = DB6F256E1D3729FF00B6CA60 /* main.m */; };
		DB6F25721D3729FF00B6CA60 /* AppDelegate.m in Sources */ = {isa = PBXBuildFile; fileRef = DB6F25711D3729FF00B6CA60 /* AppDelegate.m */; };
		DB6F25741D3729FF00B6CA60 /* Assets.xcassets in Resources */ = {isa = PBXBuildFile; fileRef = DB6F25731D3729FF00B6CA60 /* Assets.xcassets */; };
		DB6F25771D3729FF00B6CA60 /* LaunchScreen.storyboard in Resources */ = {isa = PBXBuildFile; fileRef = DB6F25751D3729FF00B6CA60 /* LaunchScreen.storyboard */; };
		DB6F25841D372C9100B6CA60 /* RootViewController.m in Sources */ = {isa = PBXBuildFile; fileRef = DB6F25831D372C9100B6CA60 /* RootViewController.m */; };
		DBA60DC520EF4DC5002E5FCC /* CRTabbarSetting.plist in Resources */ = {isa = PBXBuildFile; fileRef = DBA60DC420EF4DC5002E5FCC /* CRTabbarSetting.plist */; };
		DBA60DC820EF58AB002E5FCC /* CRTestController.m in Sources */ = {isa = PBXBuildFile; fileRef = DBA60DC720EF58AB002E5FCC /* CRTestController.m */; };
		DBA60F2520F2EFDE002E5FCC /* UIViewController+CRExtension.m in Sources */ = {isa = PBXBuildFile; fileRef = DBA60F2420F2EFDD002E5FCC /* UIViewController+CRExtension.m */; };
		DBA60F2820F2F063002E5FCC /* UIAlertController+Blocks.m in Sources */ = {isa = PBXBuildFile; fileRef = DBA60F2620F2F062002E5FCC /* UIAlertController+Blocks.m */; };
		DBA60F6B20F2F2F0002E5FCC /* UITextField+YYAdd.m in Sources */ = {isa = PBXBuildFile; fileRef = DBA60F2C20F2F2F0002E5FCC /* UITextField+YYAdd.m */; };
		DBA60F6C20F2F2F0002E5FCC /* UIBezierPath+YYAdd.m in Sources */ = {isa = PBXBuildFile; fileRef = DBA60F2D20F2F2F0002E5FCC /* UIBezierPath+YYAdd.m */; };
		DBA60F6D20F2F2F0002E5FCC /* UIColor+YYAdd.m in Sources */ = {isa = PBXBuildFile; fileRef = DBA60F2E20F2F2F0002E5FCC /* UIColor+YYAdd.m */; };
		DBA60F6E20F2F2F0002E5FCC /* UIDevice+YYAdd.m in Sources */ = {isa = PBXBuildFile; fileRef = DBA60F3020F2F2F0002E5FCC /* UIDevice+YYAdd.m */; };
		DBA60F6F20F2F2F0002E5FCC /* UIApplication+YYAdd.m in Sources */ = {isa = PBXBuildFile; fileRef = DBA60F3120F2F2F0002E5FCC /* UIApplication+YYAdd.m */; };
		DBA60F7020F2F2F0002E5FCC /* UITableView+YYAdd.m in Sources */ = {isa = PBXBuildFile; fileRef = DBA60F3220F2F2F0002E5FCC /* UITableView+YYAdd.m */; };
		DBA60F7120F2F2F0002E5FCC /* UIScrollView+YYAdd.m in Sources */ = {isa = PBXBuildFile; fileRef = DBA60F3420F2F2F0002E5FCC /* UIScrollView+YYAdd.m */; };
		DBA60F7220F2F2F0002E5FCC /* UIScreen+YYAdd.m in Sources */ = {isa = PBXBuildFile; fileRef = DBA60F3520F2F2F0002E5FCC /* UIScreen+YYAdd.m */; };
		DBA60F7320F2F2F0002E5FCC /* UIView+YYAdd.m in Sources */ = {isa = PBXBuildFile; fileRef = DBA60F3620F2F2F0002E5FCC /* UIView+YYAdd.m */; };
		DBA60F7420F2F2F0002E5FCC /* UIBarButtonItem+YYAdd.m in Sources */ = {isa = PBXBuildFile; fileRef = DBA60F3820F2F2F0002E5FCC /* UIBarButtonItem+YYAdd.m */; };
		DBA60F7520F2F2F0002E5FCC /* UIGestureRecognizer+YYAdd.m in Sources */ = {isa = PBXBuildFile; fileRef = DBA60F3920F2F2F0002E5FCC /* UIGestureRecognizer+YYAdd.m */; };
		DBA60F7620F2F2F0002E5FCC /* UIImage+YYAdd.m in Sources */ = {isa = PBXBuildFile; fileRef = DBA60F4020F2F2F0002E5FCC /* UIImage+YYAdd.m */; };
		DBA60F7720F2F2F0002E5FCC /* UIControl+YYAdd.m in Sources */ = {isa = PBXBuildFile; fileRef = DBA60F4320F2F2F0002E5FCC /* UIControl+YYAdd.m */; };
		DBA60F7820F2F2F0002E5FCC /* UIFont+YYAdd.m in Sources */ = {isa = PBXBuildFile; fileRef = DBA60F4620F2F2F0002E5FCC /* UIFont+YYAdd.m */; };
		DBA60F7920F2F2F0002E5FCC /* NSArray+YYAdd.m in Sources */ = {isa = PBXBuildFile; fileRef = DBA60F4920F2F2F0002E5FCC /* NSArray+YYAdd.m */; };
		DBA60F7A20F2F2F0002E5FCC /* NSNumber+YYAdd.m in Sources */ = {isa = PBXBuildFile; fileRef = DBA60F4A20F2F2F0002E5FCC /* NSNumber+YYAdd.m */; };
		DBA60F7B20F2F2F0002E5FCC /* NSBundle+YYAdd.m in Sources */ = {isa = PBXBuildFile; fileRef = DBA60F4F20F2F2F0002E5FCC /* NSBundle+YYAdd.m */; };
		DBA60F7C20F2F2F0002E5FCC /* NSObject+YYAdd.m in Sources */ = {isa = PBXBuildFile; fileRef = DBA60F5020F2F2F0002E5FCC /* NSObject+YYAdd.m */; };
		DBA60F7D20F2F2F0002E5FCC /* NSData+YYAdd.m in Sources */ = {isa = PBXBuildFile; fileRef = DBA60F5320F2F2F0002E5FCC /* NSData+YYAdd.m */; };
		DBA60F7F20F2F2F0002E5FCC /* NSKeyedUnarchiver+YYAdd.m in Sources */ = {isa = PBXBuildFile; fileRef = DBA60F5620F2F2F0002E5FCC /* NSKeyedUnarchiver+YYAdd.m */; };
		DBA60F8020F2F2F0002E5FCC /* NSTimer+YYAdd.m in Sources */ = {isa = PBXBuildFile; fileRef = DBA60F5720F2F2F0002E5FCC /* NSTimer+YYAdd.m */; };
		DBA60F8220F2F2F0002E5FCC /* NSDate+YYAdd.m in Sources */ = {isa = PBXBuildFile; fileRef = DBA60F5B20F2F2F0002E5FCC /* NSDate+YYAdd.m */; };
		DBA60F8320F2F2F0002E5FCC /* NSString+YYAdd.m in Sources */ = {isa = PBXBuildFile; fileRef = DBA60F5D20F2F2F0002E5FCC /* NSString+YYAdd.m */; };
		DBA60F8420F2F2F0002E5FCC /* NSNotificationCenter+YYAdd.m in Sources */ = {isa = PBXBuildFile; fileRef = DBA60F5F20F2F2F0002E5FCC /* NSNotificationCenter+YYAdd.m */; };
		DBA60F8520F2F2F0002E5FCC /* NSDictionary+YYAdd.m in Sources */ = {isa = PBXBuildFile; fileRef = DBA60F6120F2F2F0002E5FCC /* NSDictionary+YYAdd.m */; };
		DBA60F8620F2F2F0002E5FCC /* NSObject+YYAddForKVO.m in Sources */ = {isa = PBXBuildFile; fileRef = DBA60F6420F2F2F0002E5FCC /* NSObject+YYAddForKVO.m */; };
		DBA60F8720F2F2F0002E5FCC /* YYCGUtilities.m in Sources */ = {isa = PBXBuildFile; fileRef = DBA60F6720F2F2F0002E5FCC /* YYCGUtilities.m */; };
		DBA60F8820F2F2F0002E5FCC /* CALayer+YYAdd.m in Sources */ = {isa = PBXBuildFile; fileRef = DBA60F6820F2F2F0002E5FCC /* CALayer+YYAdd.m */; };
		DBA60F8C20F2F6D8002E5FCC /* MBProgressHUD.m in Sources */ = {isa = PBXBuildFile; fileRef = DBA60F8A20F2F6D8002E5FCC /* MBProgressHUD.m */; };
		DBA60F8F20F2F717002E5FCC /* MBProgressHUD+CRExtension.m in Sources */ = {isa = PBXBuildFile; fileRef = DBA60F8E20F2F717002E5FCC /* MBProgressHUD+CRExtension.m */; };
		DBA60FAC20F2F87E002E5FCC /* NSLayoutConstraint+MASDebugAdditions.m in Sources */ = {isa = PBXBuildFile; fileRef = DBA60F9320F2F87E002E5FCC /* NSLayoutConstraint+MASDebugAdditions.m */; };
		DBA60FAD20F2F87E002E5FCC /* ViewController+MASAdditions.m in Sources */ = {isa = PBXBuildFile; fileRef = DBA60F9C20F2F87E002E5FCC /* ViewController+MASAdditions.m */; };
		DBA60FAE20F2F87E002E5FCC /* MASCompositeConstraint.m in Sources */ = {isa = PBXBuildFile; fileRef = DBA60FA020F2F87E002E5FCC /* MASCompositeConstraint.m */; };
		DBA60FAF20F2F87E002E5FCC /* MASConstraintMaker.m in Sources */ = {isa = PBXBuildFile; fileRef = DBA60FA120F2F87E002E5FCC /* MASConstraintMaker.m */; };
		DBA60FB020F2F87E002E5FCC /* MASLayoutConstraint.m in Sources */ = {isa = PBXBuildFile; fileRef = DBA60FA220F2F87E002E5FCC /* MASLayoutConstraint.m */; };
		DBA60FB120F2F87E002E5FCC /* NSArray+MASAdditions.m in Sources */ = {isa = PBXBuildFile; fileRef = DBA60FA320F2F87E002E5FCC /* NSArray+MASAdditions.m */; };
		DBA60FB220F2F87E002E5FCC /* View+MASAdditions.m in Sources */ = {isa = PBXBuildFile; fileRef = DBA60FA420F2F87E002E5FCC /* View+MASAdditions.m */; };
		DBA60FB320F2F87E002E5FCC /* MASConstraint.m in Sources */ = {isa = PBXBuildFile; fileRef = DBA60FA720F2F87E002E5FCC /* MASConstraint.m */; };
		DBA60FB420F2F87E002E5FCC /* MASViewConstraint.m in Sources */ = {isa = PBXBuildFile; fileRef = DBA60FA920F2F87E002E5FCC /* MASViewConstraint.m */; };
		DBA60FB520F2F87E002E5FCC /* MASViewAttribute.m in Sources */ = {isa = PBXBuildFile; fileRef = DBA60FAA20F2F87E002E5FCC /* MASViewAttribute.m */; };
		DBA60FB920F2F8FC002E5FCC /* UIView+CRExtension.m in Sources */ = {isa = PBXBuildFile; fileRef = DBA60FB820F2F8FC002E5FCC /* UIView+CRExtension.m */; };
		DBA60FBC20F2FA2D002E5FCC /* UIAlertController+CRExtension.m in Sources */ = {isa = PBXBuildFile; fileRef = DBA60FBA20F2FA2C002E5FCC /* UIAlertController+CRExtension.m */; };
		DBA60FC020F2FBBE002E5FCC /* CRUncaughtExceptionHandler.m in Sources */ = {isa = PBXBuildFile; fileRef = DBA60FBE20F2FBBE002E5FCC /* CRUncaughtExceptionHandler.m */; };
		DBA60FC320F2FC7E002E5FCC /* CRSystemAuthorization.m in Sources */ = {isa = PBXBuildFile; fileRef = DBA60FC220F2FC7E002E5FCC /* CRSystemAuthorization.m */; };
		DBA60FCF20F2FECD002E5FCC /* CRWebViewController.m in Sources */ = {isa = PBXBuildFile; fileRef = DBA60FCD20F2FECD002E5FCC /* CRWebViewController.m */; };
		DBA60FD120F307A6002E5FCC /* CRImage.bundle in Resources */ = {isa = PBXBuildFile; fileRef = DBA60FD020F307A5002E5FCC /* CRImage.bundle */; };
		DBDD527B1D37983000650D6A /* CRKit.podspec in Resources */ = {isa = PBXBuildFile; fileRef = DBDD527A1D37983000650D6A /* CRKit.podspec */; };
		DBF8BB4622BCAA2200411054 /* CRScrollView.m in Sources */ = {isa = PBXBuildFile; fileRef = DBF8BB4522BCAA2200411054 /* CRScrollView.m */; };
		DBF8BB4A22BCAA6E00411054 /* CRDatePickerView.m in Sources */ = {isa = PBXBuildFile; fileRef = DBF8BB4922BCAA6E00411054 /* CRDatePickerView.m */; };
		DBF8BB4E22BCAA8700411054 /* CRNotificationView.m in Sources */ = {isa = PBXBuildFile; fileRef = DBF8BB4D22BCAA8700411054 /* CRNotificationView.m */; };
		DBF8BB5222BCAA9900411054 /* CRPickerView.m in Sources */ = {isa = PBXBuildFile; fileRef = DBF8BB5122BCAA9900411054 /* CRPickerView.m */; };
/* End PBXBuildFile section */

/* Begin PBXFileReference section */
		29EE57A302C71FAD3FF2EAFA /* Pods-CRKit.debug.xcconfig */ = {isa = PBXFileReference; includeInIndex = 1; lastKnownFileType = text.xcconfig; name = "Pods-CRKit.debug.xcconfig"; path = "Pods/Target Support Files/Pods-CRKit/Pods-CRKit.debug.xcconfig"; sourceTree = "<group>"; };
		3BA7483A584D98DD89C4EBBF /* libPods-CRKit.a */ = {isa = PBXFileReference; explicitFileType = archive.ar; includeInIndex = 0; path = "libPods-CRKit.a"; sourceTree = BUILT_PRODUCTS_DIR; };
		40283CFA1D3F073F00D6D0BA /* README.md */ = {isa = PBXFileReference; fileEncoding = 4; lastKnownFileType = net.daringfireball.markdown; path = README.md; sourceTree = "<group>"; };
		DB2400052154E1F400E48101 /* UIButton+CRExtension.h */ = {isa = PBXFileReference; fileEncoding = 4; lastKnownFileType = sourcecode.c.h; path = "UIButton+CRExtension.h"; sourceTree = "<group>"; };
		DB2400062154E1F400E48101 /* UILabel+CRExtension.m */ = {isa = PBXFileReference; fileEncoding = 4; lastKnownFileType = sourcecode.c.objc; path = "UILabel+CRExtension.m"; sourceTree = "<group>"; };
		DB2400072154E1F500E48101 /* NSUserDefaults+CRExtension.h */ = {isa = PBXFileReference; fileEncoding = 4; lastKnownFileType = sourcecode.c.h; path = "NSUserDefaults+CRExtension.h"; sourceTree = "<group>"; };
		DB2400082154E1F500E48101 /* UIImageView+CRExtension.m */ = {isa = PBXFileReference; fileEncoding = 4; lastKnownFileType = sourcecode.c.objc; path = "UIImageView+CRExtension.m"; sourceTree = "<group>"; };
		DB2400092154E1F500E48101 /* UIImage+CRExtension.h */ = {isa = PBXFileReference; fileEncoding = 4; lastKnownFileType = sourcecode.c.h; path = "UIImage+CRExtension.h"; sourceTree = "<group>"; };
		DB24000A2154E1F500E48101 /* UIScrollView+CRExtension.h */ = {isa = PBXFileReference; fileEncoding = 4; lastKnownFileType = sourcecode.c.h; path = "UIScrollView+CRExtension.h"; sourceTree = "<group>"; };
		DB24000B2154E1F500E48101 /* UITextField+CRExtension.m */ = {isa = PBXFileReference; fileEncoding = 4; lastKnownFileType = sourcecode.c.objc; path = "UITextField+CRExtension.m"; sourceTree = "<group>"; };
		DB24000C2154E1F500E48101 /* NSMutableAttributedString+CRExtension.m */ = {isa = PBXFileReference; fileEncoding = 4; lastKnownFileType = sourcecode.c.objc; path = "NSMutableAttributedString+CRExtension.m"; sourceTree = "<group>"; };
		DB24000D2154E1F500E48101 /* UIImageView+CRExtension.h */ = {isa = PBXFileReference; fileEncoding = 4; lastKnownFileType = sourcecode.c.h; path = "UIImageView+CRExtension.h"; sourceTree = "<group>"; };
		DB24000E2154E1F500E48101 /* UITextField+CRExtension.h */ = {isa = PBXFileReference; fileEncoding = 4; lastKnownFileType = sourcecode.c.h; path = "UITextField+CRExtension.h"; sourceTree = "<group>"; };
		DB24000F2154E1F500E48101 /* NSUserDefaults+CRExtension.m */ = {isa = PBXFileReference; fileEncoding = 4; lastKnownFileType = sourcecode.c.objc; path = "NSUserDefaults+CRExtension.m"; sourceTree = "<group>"; };
		DB2400102154E1F500E48101 /* UIScrollView+CRExtension.m */ = {isa = PBXFileReference; fileEncoding = 4; lastKnownFileType = sourcecode.c.objc; path = "UIScrollView+CRExtension.m"; sourceTree = "<group>"; };
		DB2400112154E1F600E48101 /* NSMutableAttributedString+CRExtension.h */ = {isa = PBXFileReference; fileEncoding = 4; lastKnownFileType = sourcecode.c.h; path = "NSMutableAttributedString+CRExtension.h"; sourceTree = "<group>"; };
		DB2400122154E1F600E48101 /* UILabel+CRExtension.h */ = {isa = PBXFileReference; fileEncoding = 4; lastKnownFileType = sourcecode.c.h; path = "UILabel+CRExtension.h"; sourceTree = "<group>"; };
		DB2400132154E1F600E48101 /* NSArray+CRExtension.m */ = {isa = PBXFileReference; fileEncoding = 4; lastKnownFileType = sourcecode.c.objc; path = "NSArray+CRExtension.m"; sourceTree = "<group>"; };
		DB2400142154E1F600E48101 /* NSArray+CRExtension.h */ = {isa = PBXFileReference; fileEncoding = 4; lastKnownFileType = sourcecode.c.h; path = "NSArray+CRExtension.h"; sourceTree = "<group>"; };
		DB2400152154E1F600E48101 /* UIButton+CRExtension.m */ = {isa = PBXFileReference; fileEncoding = 4; lastKnownFileType = sourcecode.c.objc; path = "UIButton+CRExtension.m"; sourceTree = "<group>"; };
		DB2400162154E1F600E48101 /* UIImage+CRExtension.m */ = {isa = PBXFileReference; fileEncoding = 4; lastKnownFileType = sourcecode.c.objc; path = "UIImage+CRExtension.m"; sourceTree = "<group>"; };
		DB334DF01D386E49000C5BF8 /* PodStep */ = {isa = PBXFileReference; fileEncoding = 4; lastKnownFileType = text; name = PodStep; path = CRKit/PodStep; sourceTree = "<group>"; };
		DB64E0FC20EF090300B931B6 /* NSString+CRExtention.h */ = {isa = PBXFileReference; fileEncoding = 4; lastKnownFileType = sourcecode.c.h; path = "NSString+CRExtention.h"; sourceTree = "<group>"; };
		DB64E10220EF090300B931B6 /* NSString+CRExtention.m */ = {isa = PBXFileReference; fileEncoding = 4; lastKnownFileType = sourcecode.c.objc; path = "NSString+CRExtention.m"; sourceTree = "<group>"; };
		DB64E10520EF090300B931B6 /* CRMacro.h */ = {isa = PBXFileReference; fileEncoding = 4; lastKnownFileType = sourcecode.c.h; path = CRMacro.h; sourceTree = "<group>"; };
		DB64E10620EF090300B931B6 /* CRKit.h */ = {isa = PBXFileReference; fileEncoding = 4; lastKnownFileType = sourcecode.c.h; path = CRKit.h; sourceTree = "<group>"; };
		DB64E11520EF10A000B931B6 /* CRTimeButton.m */ = {isa = PBXFileReference; fileEncoding = 4; lastKnownFileType = sourcecode.c.objc; path = CRTimeButton.m; sourceTree = "<group>"; };
		DB64E11620EF10A000B931B6 /* CRTimeButton.h */ = {isa = PBXFileReference; fileEncoding = 4; lastKnownFileType = sourcecode.c.h; path = CRTimeButton.h; sourceTree = "<group>"; };
		DB64E11F20EF12B700B931B6 /* CRBaseController.h */ = {isa = PBXFileReference; lastKnownFileType = sourcecode.c.h; path = CRBaseController.h; sourceTree = "<group>"; };
		DB64E12020EF12B700B931B6 /* CRBaseController.m */ = {isa = PBXFileReference; lastKnownFileType = sourcecode.c.objc; path = CRBaseController.m; sourceTree = "<group>"; };
		DB64E12220EF12D500B931B6 /* CRNavigationController.h */ = {isa = PBXFileReference; lastKnownFileType = sourcecode.c.h; path = CRNavigationController.h; sourceTree = "<group>"; };
		DB64E12320EF12D500B931B6 /* CRNavigationController.m */ = {isa = PBXFileReference; lastKnownFileType = sourcecode.c.objc; path = CRNavigationController.m; sourceTree = "<group>"; };
		DB64E12520EF12EC00B931B6 /* CRTabBarController.h */ = {isa = PBXFileReference; lastKnownFileType = sourcecode.c.h; path = CRTabBarController.h; sourceTree = "<group>"; };
		DB64E12620EF12EC00B931B6 /* CRTabBarController.m */ = {isa = PBXFileReference; lastKnownFileType = sourcecode.c.objc; path = CRTabBarController.m; sourceTree = "<group>"; };
		DB64E12920EF436000B931B6 /* CRTabBarItem.h */ = {isa = PBXFileReference; lastKnownFileType = sourcecode.c.h; path = CRTabBarItem.h; sourceTree = "<group>"; };
		DB64E12A20EF436000B931B6 /* CRTabBarItem.m */ = {isa = PBXFileReference; lastKnownFileType = sourcecode.c.objc; path = CRTabBarItem.m; sourceTree = "<group>"; };
		DB64E12C20EF438800B931B6 /* CRTabBar.h */ = {isa = PBXFileReference; lastKnownFileType = sourcecode.c.h; path = CRTabBar.h; sourceTree = "<group>"; };
		DB64E12D20EF438800B931B6 /* CRTabBar.m */ = {isa = PBXFileReference; lastKnownFileType = sourcecode.c.objc; path = CRTabBar.m; sourceTree = "<group>"; };
		DB64E12F20EF439A00B931B6 /* CRTabBarItemModel.h */ = {isa = PBXFileReference; lastKnownFileType = sourcecode.c.h; path = CRTabBarItemModel.h; sourceTree = "<group>"; };
		DB64E13020EF439A00B931B6 /* CRTabBarItemModel.m */ = {isa = PBXFileReference; lastKnownFileType = sourcecode.c.objc; path = CRTabBarItemModel.m; sourceTree = "<group>"; };
		DB64E13220EF43B000B931B6 /* CRTabBarItems.plist */ = {isa = PBXFileReference; fileEncoding = 4; lastKnownFileType = text.plist.xml; path = CRTabBarItems.plist; sourceTree = "<group>"; };
		DB6F256A1D3729FF00B6CA60 /* CRKit.app */ = {isa = PBXFileReference; explicitFileType = wrapper.application; includeInIndex = 0; path = CRKit.app; sourceTree = BUILT_PRODUCTS_DIR; };
		DB6F256E1D3729FF00B6CA60 /* main.m */ = {isa = PBXFileReference; lastKnownFileType = sourcecode.c.objc; path = main.m; sourceTree = "<group>"; };
		DB6F25701D3729FF00B6CA60 /* AppDelegate.h */ = {isa = PBXFileReference; lastKnownFileType = sourcecode.c.h; path = AppDelegate.h; sourceTree = "<group>"; };
		DB6F25711D3729FF00B6CA60 /* AppDelegate.m */ = {isa = PBXFileReference; lastKnownFileType = sourcecode.c.objc; path = AppDelegate.m; sourceTree = "<group>"; };
		DB6F25731D3729FF00B6CA60 /* Assets.xcassets */ = {isa = PBXFileReference; lastKnownFileType = folder.assetcatalog; path = Assets.xcassets; sourceTree = "<group>"; };
		DB6F25761D3729FF00B6CA60 /* Base */ = {isa = PBXFileReference; lastKnownFileType = file.storyboard; name = Base; path = Base.lproj/LaunchScreen.storyboard; sourceTree = "<group>"; };
		DB6F25781D3729FF00B6CA60 /* Info.plist */ = {isa = PBXFileReference; lastKnownFileType = text.plist.xml; path = Info.plist; sourceTree = "<group>"; };
		DB6F25821D372C9100B6CA60 /* RootViewController.h */ = {isa = PBXFileReference; fileEncoding = 4; lastKnownFileType = sourcecode.c.h; path = RootViewController.h; sourceTree = "<group>"; };
		DB6F25831D372C9100B6CA60 /* RootViewController.m */ = {isa = PBXFileReference; fileEncoding = 4; lastKnownFileType = sourcecode.c.objc; path = RootViewController.m; sourceTree = "<group>"; };
		DBA60DC420EF4DC5002E5FCC /* CRTabbarSetting.plist */ = {isa = PBXFileReference; lastKnownFileType = text.plist.xml; path = CRTabbarSetting.plist; sourceTree = "<group>"; };
		DBA60DC620EF58AB002E5FCC /* CRTestController.h */ = {isa = PBXFileReference; lastKnownFileType = sourcecode.c.h; path = CRTestController.h; sourceTree = "<group>"; };
		DBA60DC720EF58AB002E5FCC /* CRTestController.m */ = {isa = PBXFileReference; lastKnownFileType = sourcecode.c.objc; path = CRTestController.m; sourceTree = "<group>"; };
		DBA60F2320F2EFDD002E5FCC /* UIViewController+CRExtension.h */ = {isa = PBXFileReference; fileEncoding = 4; lastKnownFileType = sourcecode.c.h; path = "UIViewController+CRExtension.h"; sourceTree = "<group>"; };
		DBA60F2420F2EFDD002E5FCC /* UIViewController+CRExtension.m */ = {isa = PBXFileReference; fileEncoding = 4; lastKnownFileType = sourcecode.c.objc; path = "UIViewController+CRExtension.m"; sourceTree = "<group>"; };
		DBA60F2620F2F062002E5FCC /* UIAlertController+Blocks.m */ = {isa = PBXFileReference; lastKnownFileType = sourcecode.c.objc; path = "UIAlertController+Blocks.m"; sourceTree = "<group>"; };
		DBA60F2720F2F063002E5FCC /* UIAlertController+Blocks.h */ = {isa = PBXFileReference; lastKnownFileType = sourcecode.c.h; path = "UIAlertController+Blocks.h"; sourceTree = "<group>"; };
		DBA60F2A20F2F2F0002E5FCC /* YYCategories.h */ = {isa = PBXFileReference; fileEncoding = 4; lastKnownFileType = sourcecode.c.h; path = YYCategories.h; sourceTree = "<group>"; };
		DBA60F2C20F2F2F0002E5FCC /* UITextField+YYAdd.m */ = {isa = PBXFileReference; fileEncoding = 4; lastKnownFileType = sourcecode.c.objc; path = "UITextField+YYAdd.m"; sourceTree = "<group>"; };
		DBA60F2D20F2F2F0002E5FCC /* UIBezierPath+YYAdd.m */ = {isa = PBXFileReference; fileEncoding = 4; lastKnownFileType = sourcecode.c.objc; path = "UIBezierPath+YYAdd.m"; sourceTree = "<group>"; };
		DBA60F2E20F2F2F0002E5FCC /* UIColor+YYAdd.m */ = {isa = PBXFileReference; fileEncoding = 4; lastKnownFileType = sourcecode.c.objc; path = "UIColor+YYAdd.m"; sourceTree = "<group>"; };
		DBA60F2F20F2F2F0002E5FCC /* UIControl+YYAdd.h */ = {isa = PBXFileReference; fileEncoding = 4; lastKnownFileType = sourcecode.c.h; path = "UIControl+YYAdd.h"; sourceTree = "<group>"; };
		DBA60F3020F2F2F0002E5FCC /* UIDevice+YYAdd.m */ = {isa = PBXFileReference; fileEncoding = 4; lastKnownFileType = sourcecode.c.objc; path = "UIDevice+YYAdd.m"; sourceTree = "<group>"; };
		DBA60F3120F2F2F0002E5FCC /* UIApplication+YYAdd.m */ = {isa = PBXFileReference; fileEncoding = 4; lastKnownFileType = sourcecode.c.objc; path = "UIApplication+YYAdd.m"; sourceTree = "<group>"; };
		DBA60F3220F2F2F0002E5FCC /* UITableView+YYAdd.m */ = {isa = PBXFileReference; fileEncoding = 4; lastKnownFileType = sourcecode.c.objc; path = "UITableView+YYAdd.m"; sourceTree = "<group>"; };
		DBA60F3320F2F2F0002E5FCC /* UIImage+YYAdd.h */ = {isa = PBXFileReference; fileEncoding = 4; lastKnownFileType = sourcecode.c.h; path = "UIImage+YYAdd.h"; sourceTree = "<group>"; };
		DBA60F3420F2F2F0002E5FCC /* UIScrollView+YYAdd.m */ = {isa = PBXFileReference; fileEncoding = 4; lastKnownFileType = sourcecode.c.objc; path = "UIScrollView+YYAdd.m"; sourceTree = "<group>"; };
		DBA60F3520F2F2F0002E5FCC /* UIScreen+YYAdd.m */ = {isa = PBXFileReference; fileEncoding = 4; lastKnownFileType = sourcecode.c.objc; path = "UIScreen+YYAdd.m"; sourceTree = "<group>"; };
		DBA60F3620F2F2F0002E5FCC /* UIView+YYAdd.m */ = {isa = PBXFileReference; fileEncoding = 4; lastKnownFileType = sourcecode.c.objc; path = "UIView+YYAdd.m"; sourceTree = "<group>"; };
		DBA60F3720F2F2F0002E5FCC /* UIFont+YYAdd.h */ = {isa = PBXFileReference; fileEncoding = 4; lastKnownFileType = sourcecode.c.h; path = "UIFont+YYAdd.h"; sourceTree = "<group>"; };
		DBA60F3820F2F2F0002E5FCC /* UIBarButtonItem+YYAdd.m */ = {isa = PBXFileReference; fileEncoding = 4; lastKnownFileType = sourcecode.c.objc; path = "UIBarButtonItem+YYAdd.m"; sourceTree = "<group>"; };
		DBA60F3920F2F2F0002E5FCC /* UIGestureRecognizer+YYAdd.m */ = {isa = PBXFileReference; fileEncoding = 4; lastKnownFileType = sourcecode.c.objc; path = "UIGestureRecognizer+YYAdd.m"; sourceTree = "<group>"; };
		DBA60F3A20F2F2F0002E5FCC /* UITextField+YYAdd.h */ = {isa = PBXFileReference; fileEncoding = 4; lastKnownFileType = sourcecode.c.h; path = "UITextField+YYAdd.h"; sourceTree = "<group>"; };
		DBA60F3B20F2F2F0002E5FCC /* UIColor+YYAdd.h */ = {isa = PBXFileReference; fileEncoding = 4; lastKnownFileType = sourcecode.c.h; path = "UIColor+YYAdd.h"; sourceTree = "<group>"; };
		DBA60F3C20F2F2F0002E5FCC /* UIBezierPath+YYAdd.h */ = {isa = PBXFileReference; fileEncoding = 4; lastKnownFileType = sourcecode.c.h; path = "UIBezierPath+YYAdd.h"; sourceTree = "<group>"; };
		DBA60F3D20F2F2F0002E5FCC /* UIScreen+YYAdd.h */ = {isa = PBXFileReference; fileEncoding = 4; lastKnownFileType = sourcecode.c.h; path = "UIScreen+YYAdd.h"; sourceTree = "<group>"; };
		DBA60F3E20F2F2F0002E5FCC /* UIScrollView+YYAdd.h */ = {isa = PBXFileReference; fileEncoding = 4; lastKnownFileType = sourcecode.c.h; path = "UIScrollView+YYAdd.h"; sourceTree = "<group>"; };
		DBA60F3F20F2F2F0002E5FCC /* UITableView+YYAdd.h */ = {isa = PBXFileReference; fileEncoding = 4; lastKnownFileType = sourcecode.c.h; path = "UITableView+YYAdd.h"; sourceTree = "<group>"; };
		DBA60F4020F2F2F0002E5FCC /* UIImage+YYAdd.m */ = {isa = PBXFileReference; fileEncoding = 4; lastKnownFileType = sourcecode.c.objc; path = "UIImage+YYAdd.m"; sourceTree = "<group>"; };
		DBA60F4120F2F2F0002E5FCC /* UIDevice+YYAdd.h */ = {isa = PBXFileReference; fileEncoding = 4; lastKnownFileType = sourcecode.c.h; path = "UIDevice+YYAdd.h"; sourceTree = "<group>"; };
		DBA60F4220F2F2F0002E5FCC /* UIApplication+YYAdd.h */ = {isa = PBXFileReference; fileEncoding = 4; lastKnownFileType = sourcecode.c.h; path = "UIApplication+YYAdd.h"; sourceTree = "<group>"; };
		DBA60F4320F2F2F0002E5FCC /* UIControl+YYAdd.m */ = {isa = PBXFileReference; fileEncoding = 4; lastKnownFileType = sourcecode.c.objc; path = "UIControl+YYAdd.m"; sourceTree = "<group>"; };
		DBA60F4420F2F2F0002E5FCC /* UIGestureRecognizer+YYAdd.h */ = {isa = PBXFileReference; fileEncoding = 4; lastKnownFileType = sourcecode.c.h; path = "UIGestureRecognizer+YYAdd.h"; sourceTree = "<group>"; };
		DBA60F4520F2F2F0002E5FCC /* UIBarButtonItem+YYAdd.h */ = {isa = PBXFileReference; fileEncoding = 4; lastKnownFileType = sourcecode.c.h; path = "UIBarButtonItem+YYAdd.h"; sourceTree = "<group>"; };
		DBA60F4620F2F2F0002E5FCC /* UIFont+YYAdd.m */ = {isa = PBXFileReference; fileEncoding = 4; lastKnownFileType = sourcecode.c.objc; path = "UIFont+YYAdd.m"; sourceTree = "<group>"; };
		DBA60F4720F2F2F0002E5FCC /* UIView+YYAdd.h */ = {isa = PBXFileReference; fileEncoding = 4; lastKnownFileType = sourcecode.c.h; path = "UIView+YYAdd.h"; sourceTree = "<group>"; };
		DBA60F4920F2F2F0002E5FCC /* NSArray+YYAdd.m */ = {isa = PBXFileReference; fileEncoding = 4; lastKnownFileType = sourcecode.c.objc; path = "NSArray+YYAdd.m"; sourceTree = "<group>"; };
		DBA60F4A20F2F2F0002E5FCC /* NSNumber+YYAdd.m */ = {isa = PBXFileReference; fileEncoding = 4; lastKnownFileType = sourcecode.c.objc; path = "NSNumber+YYAdd.m"; sourceTree = "<group>"; };
		DBA60F4B20F2F2F0002E5FCC /* NSTimer+YYAdd.h */ = {isa = PBXFileReference; fileEncoding = 4; lastKnownFileType = sourcecode.c.h; path = "NSTimer+YYAdd.h"; sourceTree = "<group>"; };
		DBA60F4C20F2F2F0002E5FCC /* NSDate+YYAdd.h */ = {isa = PBXFileReference; fileEncoding = 4; lastKnownFileType = sourcecode.c.h; path = "NSDate+YYAdd.h"; sourceTree = "<group>"; };
		DBA60F4E20F2F2F0002E5FCC /* NSNotificationCenter+YYAdd.h */ = {isa = PBXFileReference; fileEncoding = 4; lastKnownFileType = sourcecode.c.h; path = "NSNotificationCenter+YYAdd.h"; sourceTree = "<group>"; };
		DBA60F4F20F2F2F0002E5FCC /* NSBundle+YYAdd.m */ = {isa = PBXFileReference; fileEncoding = 4; lastKnownFileType = sourcecode.c.objc; path = "NSBundle+YYAdd.m"; sourceTree = "<group>"; };
		DBA60F5020F2F2F0002E5FCC /* NSObject+YYAdd.m */ = {isa = PBXFileReference; fileEncoding = 4; lastKnownFileType = sourcecode.c.objc; path = "NSObject+YYAdd.m"; sourceTree = "<group>"; };
		DBA60F5120F2F2F0002E5FCC /* NSString+YYAdd.h */ = {isa = PBXFileReference; fileEncoding = 4; lastKnownFileType = sourcecode.c.h; path = "NSString+YYAdd.h"; sourceTree = "<group>"; };
		DBA60F5220F2F2F0002E5FCC /* NSObject+YYAddForKVO.h */ = {isa = PBXFileReference; fileEncoding = 4; lastKnownFileType = sourcecode.c.h; path = "NSObject+YYAddForKVO.h"; sourceTree = "<group>"; };
		DBA60F5320F2F2F0002E5FCC /* NSData+YYAdd.m */ = {isa = PBXFileReference; fileEncoding = 4; lastKnownFileType = sourcecode.c.objc; path = "NSData+YYAdd.m"; sourceTree = "<group>"; };
		DBA60F5520F2F2F0002E5FCC /* NSDictionary+YYAdd.h */ = {isa = PBXFileReference; fileEncoding = 4; lastKnownFileType = sourcecode.c.h; path = "NSDictionary+YYAdd.h"; sourceTree = "<group>"; };
		DBA60F5620F2F2F0002E5FCC /* NSKeyedUnarchiver+YYAdd.m */ = {isa = PBXFileReference; fileEncoding = 4; lastKnownFileType = sourcecode.c.objc; path = "NSKeyedUnarchiver+YYAdd.m"; sourceTree = "<group>"; };
		DBA60F5720F2F2F0002E5FCC /* NSTimer+YYAdd.m */ = {isa = PBXFileReference; fileEncoding = 4; lastKnownFileType = sourcecode.c.objc; path = "NSTimer+YYAdd.m"; sourceTree = "<group>"; };
		DBA60F5820F2F2F0002E5FCC /* NSNumber+YYAdd.h */ = {isa = PBXFileReference; fileEncoding = 4; lastKnownFileType = sourcecode.c.h; path = "NSNumber+YYAdd.h"; sourceTree = "<group>"; };
		DBA60F5920F2F2F0002E5FCC /* NSArray+YYAdd.h */ = {isa = PBXFileReference; fileEncoding = 4; lastKnownFileType = sourcecode.c.h; path = "NSArray+YYAdd.h"; sourceTree = "<group>"; };
		DBA60F5B20F2F2F0002E5FCC /* NSDate+YYAdd.m */ = {isa = PBXFileReference; fileEncoding = 4; lastKnownFileType = sourcecode.c.objc; path = "NSDate+YYAdd.m"; sourceTree = "<group>"; };
		DBA60F5C20F2F2F0002E5FCC /* NSObject+YYAdd.h */ = {isa = PBXFileReference; fileEncoding = 4; lastKnownFileType = sourcecode.c.h; path = "NSObject+YYAdd.h"; sourceTree = "<group>"; };
		DBA60F5D20F2F2F0002E5FCC /* NSString+YYAdd.m */ = {isa = PBXFileReference; fileEncoding = 4; lastKnownFileType = sourcecode.c.objc; path = "NSString+YYAdd.m"; sourceTree = "<group>"; };
		DBA60F5E20F2F2F0002E5FCC /* NSBundle+YYAdd.h */ = {isa = PBXFileReference; fileEncoding = 4; lastKnownFileType = sourcecode.c.h; path = "NSBundle+YYAdd.h"; sourceTree = "<group>"; };
		DBA60F5F20F2F2F0002E5FCC /* NSNotificationCenter+YYAdd.m */ = {isa = PBXFileReference; fileEncoding = 4; lastKnownFileType = sourcecode.c.objc; path = "NSNotificationCenter+YYAdd.m"; sourceTree = "<group>"; };
		DBA60F6020F2F2F0002E5FCC /* NSKeyedUnarchiver+YYAdd.h */ = {isa = PBXFileReference; fileEncoding = 4; lastKnownFileType = sourcecode.c.h; path = "NSKeyedUnarchiver+YYAdd.h"; sourceTree = "<group>"; };
		DBA60F6120F2F2F0002E5FCC /* NSDictionary+YYAdd.m */ = {isa = PBXFileReference; fileEncoding = 4; lastKnownFileType = sourcecode.c.objc; path = "NSDictionary+YYAdd.m"; sourceTree = "<group>"; };
		DBA60F6320F2F2F0002E5FCC /* NSData+YYAdd.h */ = {isa = PBXFileReference; fileEncoding = 4; lastKnownFileType = sourcecode.c.h; path = "NSData+YYAdd.h"; sourceTree = "<group>"; };
		DBA60F6420F2F2F0002E5FCC /* NSObject+YYAddForKVO.m */ = {isa = PBXFileReference; fileEncoding = 4; lastKnownFileType = sourcecode.c.objc; path = "NSObject+YYAddForKVO.m"; sourceTree = "<group>"; };
		DBA60F6520F2F2F0002E5FCC /* YYCategoriesMacro.h */ = {isa = PBXFileReference; fileEncoding = 4; lastKnownFileType = sourcecode.c.h; path = YYCategoriesMacro.h; sourceTree = "<group>"; };
		DBA60F6720F2F2F0002E5FCC /* YYCGUtilities.m */ = {isa = PBXFileReference; fileEncoding = 4; lastKnownFileType = sourcecode.c.objc; path = YYCGUtilities.m; sourceTree = "<group>"; };
		DBA60F6820F2F2F0002E5FCC /* CALayer+YYAdd.m */ = {isa = PBXFileReference; fileEncoding = 4; lastKnownFileType = sourcecode.c.objc; path = "CALayer+YYAdd.m"; sourceTree = "<group>"; };
		DBA60F6920F2F2F0002E5FCC /* CALayer+YYAdd.h */ = {isa = PBXFileReference; fileEncoding = 4; lastKnownFileType = sourcecode.c.h; path = "CALayer+YYAdd.h"; sourceTree = "<group>"; };
		DBA60F6A20F2F2F0002E5FCC /* YYCGUtilities.h */ = {isa = PBXFileReference; fileEncoding = 4; lastKnownFileType = sourcecode.c.h; path = YYCGUtilities.h; sourceTree = "<group>"; };
		DBA60F8A20F2F6D8002E5FCC /* MBProgressHUD.m */ = {isa = PBXFileReference; fileEncoding = 4; lastKnownFileType = sourcecode.c.objc; path = MBProgressHUD.m; sourceTree = "<group>"; };
		DBA60F8B20F2F6D8002E5FCC /* MBProgressHUD.h */ = {isa = PBXFileReference; fileEncoding = 4; lastKnownFileType = sourcecode.c.h; path = MBProgressHUD.h; sourceTree = "<group>"; };
		DBA60F8D20F2F717002E5FCC /* MBProgressHUD+CRExtension.h */ = {isa = PBXFileReference; lastKnownFileType = sourcecode.c.h; path = "MBProgressHUD+CRExtension.h"; sourceTree = "<group>"; };
		DBA60F8E20F2F717002E5FCC /* MBProgressHUD+CRExtension.m */ = {isa = PBXFileReference; lastKnownFileType = sourcecode.c.objc; path = "MBProgressHUD+CRExtension.m"; sourceTree = "<group>"; };
		DBA60F9220F2F87E002E5FCC /* MASCompositeConstraint.h */ = {isa = PBXFileReference; fileEncoding = 4; lastKnownFileType = sourcecode.c.h; path = MASCompositeConstraint.h; sourceTree = "<group>"; };
		DBA60F9320F2F87E002E5FCC /* NSLayoutConstraint+MASDebugAdditions.m */ = {isa = PBXFileReference; fileEncoding = 4; lastKnownFileType = sourcecode.c.objc; path = "NSLayoutConstraint+MASDebugAdditions.m"; sourceTree = "<group>"; };
		DBA60F9420F2F87E002E5FCC /* MASConstraint+Private.h */ = {isa = PBXFileReference; fileEncoding = 4; lastKnownFileType = sourcecode.c.h; path = "MASConstraint+Private.h"; sourceTree = "<group>"; };
		DBA60F9520F2F87E002E5FCC /* MASLayoutConstraint.h */ = {isa = PBXFileReference; fileEncoding = 4; lastKnownFileType = sourcecode.c.h; path = MASLayoutConstraint.h; sourceTree = "<group>"; };
		DBA60F9620F2F87E002E5FCC /* NSArray+MASShorthandAdditions.h */ = {isa = PBXFileReference; fileEncoding = 4; lastKnownFileType = sourcecode.c.h; path = "NSArray+MASShorthandAdditions.h"; sourceTree = "<group>"; };
		DBA60F9720F2F87E002E5FCC /* MASConstraintMaker.h */ = {isa = PBXFileReference; fileEncoding = 4; lastKnownFileType = sourcecode.c.h; path = MASConstraintMaker.h; sourceTree = "<group>"; };
		DBA60F9820F2F87E002E5FCC /* View+MASAdditions.h */ = {isa = PBXFileReference; fileEncoding = 4; lastKnownFileType = sourcecode.c.h; path = "View+MASAdditions.h"; sourceTree = "<group>"; };
		DBA60F9920F2F87E002E5FCC /* NSArray+MASAdditions.h */ = {isa = PBXFileReference; fileEncoding = 4; lastKnownFileType = sourcecode.c.h; path = "NSArray+MASAdditions.h"; sourceTree = "<group>"; };
		DBA60F9A20F2F87E002E5FCC /* MASUtilities.h */ = {isa = PBXFileReference; fileEncoding = 4; lastKnownFileType = sourcecode.c.h; path = MASUtilities.h; sourceTree = "<group>"; };
		DBA60F9B20F2F87E002E5FCC /* MASViewAttribute.h */ = {isa = PBXFileReference; fileEncoding = 4; lastKnownFileType = sourcecode.c.h; path = MASViewAttribute.h; sourceTree = "<group>"; };
		DBA60F9C20F2F87E002E5FCC /* ViewController+MASAdditions.m */ = {isa = PBXFileReference; fileEncoding = 4; lastKnownFileType = sourcecode.c.objc; path = "ViewController+MASAdditions.m"; sourceTree = "<group>"; };
		DBA60F9D20F2F87E002E5FCC /* MASViewConstraint.h */ = {isa = PBXFileReference; fileEncoding = 4; lastKnownFileType = sourcecode.c.h; path = MASViewConstraint.h; sourceTree = "<group>"; };
		DBA60F9E20F2F87E002E5FCC /* MASConstraint.h */ = {isa = PBXFileReference; fileEncoding = 4; lastKnownFileType = sourcecode.c.h; path = MASConstraint.h; sourceTree = "<group>"; };
		DBA60F9F20F2F87E002E5FCC /* NSLayoutConstraint+MASDebugAdditions.h */ = {isa = PBXFileReference; fileEncoding = 4; lastKnownFileType = sourcecode.c.h; path = "NSLayoutConstraint+MASDebugAdditions.h"; sourceTree = "<group>"; };
		DBA60FA020F2F87E002E5FCC /* MASCompositeConstraint.m */ = {isa = PBXFileReference; fileEncoding = 4; lastKnownFileType = sourcecode.c.objc; path = MASCompositeConstraint.m; sourceTree = "<group>"; };
		DBA60FA120F2F87E002E5FCC /* MASConstraintMaker.m */ = {isa = PBXFileReference; fileEncoding = 4; lastKnownFileType = sourcecode.c.objc; path = MASConstraintMaker.m; sourceTree = "<group>"; };
		DBA60FA220F2F87E002E5FCC /* MASLayoutConstraint.m */ = {isa = PBXFileReference; fileEncoding = 4; lastKnownFileType = sourcecode.c.objc; path = MASLayoutConstraint.m; sourceTree = "<group>"; };
		DBA60FA320F2F87E002E5FCC /* NSArray+MASAdditions.m */ = {isa = PBXFileReference; fileEncoding = 4; lastKnownFileType = sourcecode.c.objc; path = "NSArray+MASAdditions.m"; sourceTree = "<group>"; };
		DBA60FA420F2F87E002E5FCC /* View+MASAdditions.m */ = {isa = PBXFileReference; fileEncoding = 4; lastKnownFileType = sourcecode.c.objc; path = "View+MASAdditions.m"; sourceTree = "<group>"; };
		DBA60FA520F2F87E002E5FCC /* View+MASShorthandAdditions.h */ = {isa = PBXFileReference; fileEncoding = 4; lastKnownFileType = sourcecode.c.h; path = "View+MASShorthandAdditions.h"; sourceTree = "<group>"; };
		DBA60FA620F2F87E002E5FCC /* Masonry.h */ = {isa = PBXFileReference; fileEncoding = 4; lastKnownFileType = sourcecode.c.h; path = Masonry.h; sourceTree = "<group>"; };
		DBA60FA720F2F87E002E5FCC /* MASConstraint.m */ = {isa = PBXFileReference; fileEncoding = 4; lastKnownFileType = sourcecode.c.objc; path = MASConstraint.m; sourceTree = "<group>"; };
		DBA60FA820F2F87E002E5FCC /* ViewController+MASAdditions.h */ = {isa = PBXFileReference; fileEncoding = 4; lastKnownFileType = sourcecode.c.h; path = "ViewController+MASAdditions.h"; sourceTree = "<group>"; };
		DBA60FA920F2F87E002E5FCC /* MASViewConstraint.m */ = {isa = PBXFileReference; fileEncoding = 4; lastKnownFileType = sourcecode.c.objc; path = MASViewConstraint.m; sourceTree = "<group>"; };
		DBA60FAA20F2F87E002E5FCC /* MASViewAttribute.m */ = {isa = PBXFileReference; fileEncoding = 4; lastKnownFileType = sourcecode.c.objc; path = MASViewAttribute.m; sourceTree = "<group>"; };
		DBA60FB720F2F8FC002E5FCC /* UIView+CRExtension.h */ = {isa = PBXFileReference; lastKnownFileType = sourcecode.c.h; path = "UIView+CRExtension.h"; sourceTree = "<group>"; };
		DBA60FB820F2F8FC002E5FCC /* UIView+CRExtension.m */ = {isa = PBXFileReference; lastKnownFileType = sourcecode.c.objc; path = "UIView+CRExtension.m"; sourceTree = "<group>"; };
		DBA60FBA20F2FA2C002E5FCC /* UIAlertController+CRExtension.m */ = {isa = PBXFileReference; fileEncoding = 4; lastKnownFileType = sourcecode.c.objc; path = "UIAlertController+CRExtension.m"; sourceTree = "<group>"; };
		DBA60FBB20F2FA2D002E5FCC /* UIAlertController+CRExtension.h */ = {isa = PBXFileReference; fileEncoding = 4; lastKnownFileType = sourcecode.c.h; path = "UIAlertController+CRExtension.h"; sourceTree = "<group>"; };
		DBA60FBE20F2FBBE002E5FCC /* CRUncaughtExceptionHandler.m */ = {isa = PBXFileReference; fileEncoding = 4; lastKnownFileType = sourcecode.c.objc; path = CRUncaughtExceptionHandler.m; sourceTree = "<group>"; };
		DBA60FBF20F2FBBE002E5FCC /* CRUncaughtExceptionHandler.h */ = {isa = PBXFileReference; fileEncoding = 4; lastKnownFileType = sourcecode.c.h; path = CRUncaughtExceptionHandler.h; sourceTree = "<group>"; };
		DBA60FC120F2FC7E002E5FCC /* CRSystemAuthorization.h */ = {isa = PBXFileReference; fileEncoding = 4; lastKnownFileType = sourcecode.c.h; path = CRSystemAuthorization.h; sourceTree = "<group>"; };
		DBA60FC220F2FC7E002E5FCC /* CRSystemAuthorization.m */ = {isa = PBXFileReference; fileEncoding = 4; lastKnownFileType = sourcecode.c.objc; path = CRSystemAuthorization.m; sourceTree = "<group>"; };
		DBA60FCD20F2FECD002E5FCC /* CRWebViewController.m */ = {isa = PBXFileReference; fileEncoding = 4; lastKnownFileType = sourcecode.c.objc; path = CRWebViewController.m; sourceTree = "<group>"; };
		DBA60FCE20F2FECD002E5FCC /* CRWebViewController.h */ = {isa = PBXFileReference; fileEncoding = 4; lastKnownFileType = sourcecode.c.h; path = CRWebViewController.h; sourceTree = "<group>"; };
		DBA60FD020F307A5002E5FCC /* CRImage.bundle */ = {isa = PBXFileReference; lastKnownFileType = "wrapper.plug-in"; path = CRImage.bundle; sourceTree = "<group>"; };
		DBDD527A1D37983000650D6A /* CRKit.podspec */ = {isa = PBXFileReference; fileEncoding = 4; lastKnownFileType = text; path = CRKit.podspec; sourceTree = "<group>"; };
		DBF8BB4422BCAA2200411054 /* CRScrollView.h */ = {isa = PBXFileReference; fileEncoding = 4; lastKnownFileType = sourcecode.c.h; path = CRScrollView.h; sourceTree = "<group>"; };
		DBF8BB4522BCAA2200411054 /* CRScrollView.m */ = {isa = PBXFileReference; fileEncoding = 4; lastKnownFileType = sourcecode.c.objc; path = CRScrollView.m; sourceTree = "<group>"; };
		DBF8BB4822BCAA6E00411054 /* CRDatePickerView.h */ = {isa = PBXFileReference; fileEncoding = 4; lastKnownFileType = sourcecode.c.h; path = CRDatePickerView.h; sourceTree = "<group>"; };
		DBF8BB4922BCAA6E00411054 /* CRDatePickerView.m */ = {isa = PBXFileReference; fileEncoding = 4; lastKnownFileType = sourcecode.c.objc; path = CRDatePickerView.m; sourceTree = "<group>"; };
		DBF8BB4C22BCAA8700411054 /* CRNotificationView.h */ = {isa = PBXFileReference; fileEncoding = 4; lastKnownFileType = sourcecode.c.h; path = CRNotificationView.h; sourceTree = "<group>"; };
		DBF8BB4D22BCAA8700411054 /* CRNotificationView.m */ = {isa = PBXFileReference; fileEncoding = 4; lastKnownFileType = sourcecode.c.objc; path = CRNotificationView.m; sourceTree = "<group>"; };
		DBF8BB5022BCAA9900411054 /* CRPickerView.h */ = {isa = PBXFileReference; fileEncoding = 4; lastKnownFileType = sourcecode.c.h; path = CRPickerView.h; sourceTree = "<group>"; };
		DBF8BB5122BCAA9900411054 /* CRPickerView.m */ = {isa = PBXFileReference; fileEncoding = 4; lastKnownFileType = sourcecode.c.objc; path = CRPickerView.m; sourceTree = "<group>"; };
		F5296177818031174D9BBC81 /* Pods-CRKit.release.xcconfig */ = {isa = PBXFileReference; includeInIndex = 1; lastKnownFileType = text.xcconfig; name = "Pods-CRKit.release.xcconfig"; path = "Pods/Target Support Files/Pods-CRKit/Pods-CRKit.release.xcconfig"; sourceTree = "<group>"; };
/* End PBXFileReference section */

/* Begin PBXFrameworksBuildPhase section */
		DB6F25671D3729FF00B6CA60 /* Frameworks */ = {
			isa = PBXFrameworksBuildPhase;
			buildActionMask = 2147483647;
			files = (
				A494284C8871880245912A2E /* libPods-CRKit.a in Frameworks */,
			);
			runOnlyForDeploymentPostprocessing = 0;
		};
/* End PBXFrameworksBuildPhase section */

/* Begin PBXGroup section */
		5586B25348441F5D8D1D3923 /* Pods */ = {
			isa = PBXGroup;
			children = (
				29EE57A302C71FAD3FF2EAFA /* Pods-CRKit.debug.xcconfig */,
				F5296177818031174D9BBC81 /* Pods-CRKit.release.xcconfig */,
			);
			name = Pods;
			sourceTree = "<group>";
		};
		DB64E0F620EF090300B931B6 /* Classes */ = {
			isa = PBXGroup;
			children = (
				DB64E10620EF090300B931B6 /* CRKit.h */,
				DB64E10420EF090300B931B6 /* Macro */,
				DB64E11E20EF12A100B931B6 /* BaseController */,
				DB64E0F720EF090300B931B6 /* Category */,
				DBA60F9020F2F86A002E5FCC /* Vender */,
				DBA60FBD20F2FB87002E5FCC /* Utils */,
				DB64E10720EF090300B931B6 /* UIComponent */,
			);
			path = Classes;
			sourceTree = SOURCE_ROOT;
		};
		DB64E0F720EF090300B931B6 /* Category */ = {
			isa = PBXGroup;
			children = (
				DBA60F2920F2F2F0002E5FCC /* YYCategories */,
				DB2400142154E1F600E48101 /* NSArray+CRExtension.h */,
				DB2400132154E1F600E48101 /* NSArray+CRExtension.m */,
				DB2400112154E1F600E48101 /* NSMutableAttributedString+CRExtension.h */,
				DB24000C2154E1F500E48101 /* NSMutableAttributedString+CRExtension.m */,
				DB2400072154E1F500E48101 /* NSUserDefaults+CRExtension.h */,
				DB24000F2154E1F500E48101 /* NSUserDefaults+CRExtension.m */,
				DB2400052154E1F400E48101 /* UIButton+CRExtension.h */,
				DB2400152154E1F600E48101 /* UIButton+CRExtension.m */,
				DB2400092154E1F500E48101 /* UIImage+CRExtension.h */,
				DB2400162154E1F600E48101 /* UIImage+CRExtension.m */,
				DB24000D2154E1F500E48101 /* UIImageView+CRExtension.h */,
				DB2400082154E1F500E48101 /* UIImageView+CRExtension.m */,
				DB2400122154E1F600E48101 /* UILabel+CRExtension.h */,
				DB2400062154E1F400E48101 /* UILabel+CRExtension.m */,
				DB24000A2154E1F500E48101 /* UIScrollView+CRExtension.h */,
				DB2400102154E1F500E48101 /* UIScrollView+CRExtension.m */,
				DB24000E2154E1F500E48101 /* UITextField+CRExtension.h */,
				DB24000B2154E1F500E48101 /* UITextField+CRExtension.m */,
				DB64E0FC20EF090300B931B6 /* NSString+CRExtention.h */,
				DB64E10220EF090300B931B6 /* NSString+CRExtention.m */,
				DBA60FB720F2F8FC002E5FCC /* UIView+CRExtension.h */,
				DBA60FB820F2F8FC002E5FCC /* UIView+CRExtension.m */,
				DBA60F2720F2F063002E5FCC /* UIAlertController+Blocks.h */,
				DBA60F2620F2F062002E5FCC /* UIAlertController+Blocks.m */,
				DBA60F2320F2EFDD002E5FCC /* UIViewController+CRExtension.h */,
				DBA60F2420F2EFDD002E5FCC /* UIViewController+CRExtension.m */,
				DBA60F8D20F2F717002E5FCC /* MBProgressHUD+CRExtension.h */,
				DBA60F8E20F2F717002E5FCC /* MBProgressHUD+CRExtension.m */,
				DBA60FBB20F2FA2D002E5FCC /* UIAlertController+CRExtension.h */,
				DBA60FBA20F2FA2C002E5FCC /* UIAlertController+CRExtension.m */,
			);
			path = Category;
			sourceTree = "<group>";
		};
		DB64E10420EF090300B931B6 /* Macro */ = {
			isa = PBXGroup;
			children = (
				DB64E10520EF090300B931B6 /* CRMacro.h */,
			);
			path = Macro;
			sourceTree = "<group>";
		};
		DB64E10720EF090300B931B6 /* UIComponent */ = {
			isa = PBXGroup;
			children = (
				DBF8BB4F22BCAA9900411054 /* CRPickerView */,
				DBF8BB4B22BCAA8700411054 /* CRNotificationView */,
				DBF8BB4722BCAA6E00411054 /* CRDatePickerView */,
				DBF8BB4322BCAA2200411054 /* CRScrollView */,
				DB64E11120EF0F7100B931B6 /* CRTimeButton */,
			);
			path = UIComponent;
			sourceTree = "<group>";
		};
		DB64E11120EF0F7100B931B6 /* CRTimeButton */ = {
			isa = PBXGroup;
			children = (
				DB64E11620EF10A000B931B6 /* CRTimeButton.h */,
				DB64E11520EF10A000B931B6 /* CRTimeButton.m */,
			);
			path = CRTimeButton;
			sourceTree = "<group>";
		};
		DB64E11E20EF12A100B931B6 /* BaseController */ = {
			isa = PBXGroup;
			children = (
				DBA60FD020F307A5002E5FCC /* CRImage.bundle */,
				DB64E11F20EF12B700B931B6 /* CRBaseController.h */,
				DB64E12020EF12B700B931B6 /* CRBaseController.m */,
				DB64E12220EF12D500B931B6 /* CRNavigationController.h */,
				DB64E12320EF12D500B931B6 /* CRNavigationController.m */,
				DBA60FCE20F2FECD002E5FCC /* CRWebViewController.h */,
				DBA60FCD20F2FECD002E5FCC /* CRWebViewController.m */,
				DB64E12820EF42DD00B931B6 /* TabBar */,
			);
			path = BaseController;
			sourceTree = "<group>";
		};
		DB64E12820EF42DD00B931B6 /* TabBar */ = {
			isa = PBXGroup;
			children = (
				DB64E12520EF12EC00B931B6 /* CRTabBarController.h */,
				DB64E12620EF12EC00B931B6 /* CRTabBarController.m */,
				DB64E12C20EF438800B931B6 /* CRTabBar.h */,
				DB64E12D20EF438800B931B6 /* CRTabBar.m */,
				DB64E12920EF436000B931B6 /* CRTabBarItem.h */,
				DB64E12A20EF436000B931B6 /* CRTabBarItem.m */,
				DB64E12F20EF439A00B931B6 /* CRTabBarItemModel.h */,
				DB64E13020EF439A00B931B6 /* CRTabBarItemModel.m */,
				DB64E13220EF43B000B931B6 /* CRTabBarItems.plist */,
			);
			path = TabBar;
			sourceTree = "<group>";
		};
		DB6F25611D3729FF00B6CA60 = {
			isa = PBXGroup;
			children = (
				40283CFA1D3F073F00D6D0BA /* README.md */,
				DBDD527A1D37983000650D6A /* CRKit.podspec */,
				DB334DF01D386E49000C5BF8 /* PodStep */,
				DB6F256C1D3729FF00B6CA60 /* CRKit */,
				DB6F256B1D3729FF00B6CA60 /* Products */,
				5586B25348441F5D8D1D3923 /* Pods */,
				E36621B38EA076FC7028BE49 /* Frameworks */,
			);
			sourceTree = "<group>";
		};
		DB6F256B1D3729FF00B6CA60 /* Products */ = {
			isa = PBXGroup;
			children = (
				DB6F256A1D3729FF00B6CA60 /* CRKit.app */,
			);
			name = Products;
			sourceTree = "<group>";
		};
		DB6F256C1D3729FF00B6CA60 /* CRKit */ = {
			isa = PBXGroup;
			children = (
				DB64E0F620EF090300B931B6 /* Classes */,
				DB6F25701D3729FF00B6CA60 /* AppDelegate.h */,
				DB6F25711D3729FF00B6CA60 /* AppDelegate.m */,
				DB6F25821D372C9100B6CA60 /* RootViewController.h */,
				DB6F25831D372C9100B6CA60 /* RootViewController.m */,
				DBA60DC620EF58AB002E5FCC /* CRTestController.h */,
				DBA60DC720EF58AB002E5FCC /* CRTestController.m */,
				DBA60DC420EF4DC5002E5FCC /* CRTabbarSetting.plist */,
				DB6F25731D3729FF00B6CA60 /* Assets.xcassets */,
				DB6F25751D3729FF00B6CA60 /* LaunchScreen.storyboard */,
				DB6F25781D3729FF00B6CA60 /* Info.plist */,
				DB6F256D1D3729FF00B6CA60 /* Supporting Files */,
			);
			path = CRKit;
			sourceTree = "<group>";
		};
		DB6F256D1D3729FF00B6CA60 /* Supporting Files */ = {
			isa = PBXGroup;
			children = (
				DB6F256E1D3729FF00B6CA60 /* main.m */,
			);
			name = "Supporting Files";
			sourceTree = "<group>";
		};
		DBA60F2920F2F2F0002E5FCC /* YYCategories */ = {
			isa = PBXGroup;
			children = (
				DBA60F2A20F2F2F0002E5FCC /* YYCategories.h */,
				DBA60F6520F2F2F0002E5FCC /* YYCategoriesMacro.h */,
				DBA60F2B20F2F2F0002E5FCC /* UIKit */,
				DBA60F4820F2F2F0002E5FCC /* Foundation */,
				DBA60F6620F2F2F0002E5FCC /* Quartz */,
			);
			path = YYCategories;
			sourceTree = "<group>";
		};
		DBA60F2B20F2F2F0002E5FCC /* UIKit */ = {
			isa = PBXGroup;
			children = (
				DBA60F3A20F2F2F0002E5FCC /* UITextField+YYAdd.h */,
				DBA60F2C20F2F2F0002E5FCC /* UITextField+YYAdd.m */,
				DBA60F3C20F2F2F0002E5FCC /* UIBezierPath+YYAdd.h */,
				DBA60F2D20F2F2F0002E5FCC /* UIBezierPath+YYAdd.m */,
				DBA60F3B20F2F2F0002E5FCC /* UIColor+YYAdd.h */,
				DBA60F2E20F2F2F0002E5FCC /* UIColor+YYAdd.m */,
				DBA60F2F20F2F2F0002E5FCC /* UIControl+YYAdd.h */,
				DBA60F4320F2F2F0002E5FCC /* UIControl+YYAdd.m */,
				DBA60F4120F2F2F0002E5FCC /* UIDevice+YYAdd.h */,
				DBA60F3020F2F2F0002E5FCC /* UIDevice+YYAdd.m */,
				DBA60F4220F2F2F0002E5FCC /* UIApplication+YYAdd.h */,
				DBA60F3120F2F2F0002E5FCC /* UIApplication+YYAdd.m */,
				DBA60F3F20F2F2F0002E5FCC /* UITableView+YYAdd.h */,
				DBA60F3220F2F2F0002E5FCC /* UITableView+YYAdd.m */,
				DBA60F3E20F2F2F0002E5FCC /* UIScrollView+YYAdd.h */,
				DBA60F3420F2F2F0002E5FCC /* UIScrollView+YYAdd.m */,
				DBA60F3320F2F2F0002E5FCC /* UIImage+YYAdd.h */,
				DBA60F4020F2F2F0002E5FCC /* UIImage+YYAdd.m */,
				DBA60F3D20F2F2F0002E5FCC /* UIScreen+YYAdd.h */,
				DBA60F3520F2F2F0002E5FCC /* UIScreen+YYAdd.m */,
				DBA60F4720F2F2F0002E5FCC /* UIView+YYAdd.h */,
				DBA60F3620F2F2F0002E5FCC /* UIView+YYAdd.m */,
				DBA60F3720F2F2F0002E5FCC /* UIFont+YYAdd.h */,
				DBA60F4620F2F2F0002E5FCC /* UIFont+YYAdd.m */,
				DBA60F4520F2F2F0002E5FCC /* UIBarButtonItem+YYAdd.h */,
				DBA60F3820F2F2F0002E5FCC /* UIBarButtonItem+YYAdd.m */,
				DBA60F4420F2F2F0002E5FCC /* UIGestureRecognizer+YYAdd.h */,
				DBA60F3920F2F2F0002E5FCC /* UIGestureRecognizer+YYAdd.m */,
			);
			path = UIKit;
			sourceTree = "<group>";
		};
		DBA60F4820F2F2F0002E5FCC /* Foundation */ = {
			isa = PBXGroup;
			children = (
				DBA60F4E20F2F2F0002E5FCC /* NSNotificationCenter+YYAdd.h */,
				DBA60F5F20F2F2F0002E5FCC /* NSNotificationCenter+YYAdd.m */,
				DBA60F5920F2F2F0002E5FCC /* NSArray+YYAdd.h */,
				DBA60F4920F2F2F0002E5FCC /* NSArray+YYAdd.m */,
				DBA60F5820F2F2F0002E5FCC /* NSNumber+YYAdd.h */,
				DBA60F4A20F2F2F0002E5FCC /* NSNumber+YYAdd.m */,
				DBA60F4B20F2F2F0002E5FCC /* NSTimer+YYAdd.h */,
				DBA60F5720F2F2F0002E5FCC /* NSTimer+YYAdd.m */,
				DBA60F4C20F2F2F0002E5FCC /* NSDate+YYAdd.h */,
				DBA60F5B20F2F2F0002E5FCC /* NSDate+YYAdd.m */,
				DBA60F5E20F2F2F0002E5FCC /* NSBundle+YYAdd.h */,
				DBA60F4F20F2F2F0002E5FCC /* NSBundle+YYAdd.m */,
				DBA60F5C20F2F2F0002E5FCC /* NSObject+YYAdd.h */,
				DBA60F5020F2F2F0002E5FCC /* NSObject+YYAdd.m */,
				DBA60F5120F2F2F0002E5FCC /* NSString+YYAdd.h */,
				DBA60F5D20F2F2F0002E5FCC /* NSString+YYAdd.m */,
				DBA60F5220F2F2F0002E5FCC /* NSObject+YYAddForKVO.h */,
				DBA60F6420F2F2F0002E5FCC /* NSObject+YYAddForKVO.m */,
				DBA60F6320F2F2F0002E5FCC /* NSData+YYAdd.h */,
				DBA60F5320F2F2F0002E5FCC /* NSData+YYAdd.m */,
				DBA60F6020F2F2F0002E5FCC /* NSKeyedUnarchiver+YYAdd.h */,
				DBA60F5620F2F2F0002E5FCC /* NSKeyedUnarchiver+YYAdd.m */,
				DBA60F5520F2F2F0002E5FCC /* NSDictionary+YYAdd.h */,
				DBA60F6120F2F2F0002E5FCC /* NSDictionary+YYAdd.m */,
			);
			path = Foundation;
			sourceTree = "<group>";
		};
		DBA60F6620F2F2F0002E5FCC /* Quartz */ = {
			isa = PBXGroup;
			children = (
				DBA60F6A20F2F2F0002E5FCC /* YYCGUtilities.h */,
				DBA60F6720F2F2F0002E5FCC /* YYCGUtilities.m */,
				DBA60F6920F2F2F0002E5FCC /* CALayer+YYAdd.h */,
				DBA60F6820F2F2F0002E5FCC /* CALayer+YYAdd.m */,
			);
			path = Quartz;
			sourceTree = "<group>";
		};
		DBA60F8920F2F6D8002E5FCC /* MBProgressHUD */ = {
			isa = PBXGroup;
			children = (
				DBA60F8B20F2F6D8002E5FCC /* MBProgressHUD.h */,
				DBA60F8A20F2F6D8002E5FCC /* MBProgressHUD.m */,
			);
			path = MBProgressHUD;
			sourceTree = "<group>";
		};
		DBA60F9020F2F86A002E5FCC /* Vender */ = {
			isa = PBXGroup;
			children = (
				DBA60F9120F2F87E002E5FCC /* Masonry */,
				DBA60F8920F2F6D8002E5FCC /* MBProgressHUD */,
			);
			path = Vender;
			sourceTree = "<group>";
		};
		DBA60F9120F2F87E002E5FCC /* Masonry */ = {
			isa = PBXGroup;
			children = (
				DBA60F9220F2F87E002E5FCC /* MASCompositeConstraint.h */,
				DBA60F9320F2F87E002E5FCC /* NSLayoutConstraint+MASDebugAdditions.m */,
				DBA60F9420F2F87E002E5FCC /* MASConstraint+Private.h */,
				DBA60F9520F2F87E002E5FCC /* MASLayoutConstraint.h */,
				DBA60F9620F2F87E002E5FCC /* NSArray+MASShorthandAdditions.h */,
				DBA60F9720F2F87E002E5FCC /* MASConstraintMaker.h */,
				DBA60F9820F2F87E002E5FCC /* View+MASAdditions.h */,
				DBA60F9920F2F87E002E5FCC /* NSArray+MASAdditions.h */,
				DBA60F9A20F2F87E002E5FCC /* MASUtilities.h */,
				DBA60F9B20F2F87E002E5FCC /* MASViewAttribute.h */,
				DBA60F9C20F2F87E002E5FCC /* ViewController+MASAdditions.m */,
				DBA60F9D20F2F87E002E5FCC /* MASViewConstraint.h */,
				DBA60F9E20F2F87E002E5FCC /* MASConstraint.h */,
				DBA60F9F20F2F87E002E5FCC /* NSLayoutConstraint+MASDebugAdditions.h */,
				DBA60FA020F2F87E002E5FCC /* MASCompositeConstraint.m */,
				DBA60FA120F2F87E002E5FCC /* MASConstraintMaker.m */,
				DBA60FA220F2F87E002E5FCC /* MASLayoutConstraint.m */,
				DBA60FA320F2F87E002E5FCC /* NSArray+MASAdditions.m */,
				DBA60FA420F2F87E002E5FCC /* View+MASAdditions.m */,
				DBA60FA520F2F87E002E5FCC /* View+MASShorthandAdditions.h */,
				DBA60FA620F2F87E002E5FCC /* Masonry.h */,
				DBA60FA720F2F87E002E5FCC /* MASConstraint.m */,
				DBA60FA820F2F87E002E5FCC /* ViewController+MASAdditions.h */,
				DBA60FA920F2F87E002E5FCC /* MASViewConstraint.m */,
				DBA60FAA20F2F87E002E5FCC /* MASViewAttribute.m */,
			);
			path = Masonry;
			sourceTree = "<group>";
		};
		DBA60FBD20F2FB87002E5FCC /* Utils */ = {
			isa = PBXGroup;
			children = (
				DBA60FBF20F2FBBE002E5FCC /* CRUncaughtExceptionHandler.h */,
				DBA60FBE20F2FBBE002E5FCC /* CRUncaughtExceptionHandler.m */,
				DBA60FC120F2FC7E002E5FCC /* CRSystemAuthorization.h */,
				DBA60FC220F2FC7E002E5FCC /* CRSystemAuthorization.m */,
			);
			path = Utils;
			sourceTree = "<group>";
		};
		DBF8BB4322BCAA2200411054 /* CRScrollView */ = {
			isa = PBXGroup;
			children = (
				DBF8BB4422BCAA2200411054 /* CRScrollView.h */,
				DBF8BB4522BCAA2200411054 /* CRScrollView.m */,
			);
			name = CRScrollView;
			path = "../../../../../../Desktop/亚信-projects/和路通/和路通新版代码/CMCC_IOV_iOS/和路通/Classes/Common/Vender/CRKit/UIComponent/CRScrollView";
			sourceTree = "<group>";
		};
		DBF8BB4722BCAA6E00411054 /* CRDatePickerView */ = {
			isa = PBXGroup;
			children = (
				DBF8BB4822BCAA6E00411054 /* CRDatePickerView.h */,
				DBF8BB4922BCAA6E00411054 /* CRDatePickerView.m */,
			);
			path = CRDatePickerView;
			sourceTree = "<group>";
		};
		DBF8BB4B22BCAA8700411054 /* CRNotificationView */ = {
			isa = PBXGroup;
			children = (
				DBF8BB4C22BCAA8700411054 /* CRNotificationView.h */,
				DBF8BB4D22BCAA8700411054 /* CRNotificationView.m */,
			);
			name = CRNotificationView;
			path = "../../../../../../Desktop/亚信-projects/和路通/和路通新版代码/CMCC_IOV_iOS/和路通/Classes/Common/Vender/CRKit/UIComponent/CRNotificationView";
			sourceTree = "<group>";
		};
		DBF8BB4F22BCAA9900411054 /* CRPickerView */ = {
			isa = PBXGroup;
			children = (
				DBF8BB5022BCAA9900411054 /* CRPickerView.h */,
				DBF8BB5122BCAA9900411054 /* CRPickerView.m */,
			);
			name = CRPickerView;
			path = "../../../../../../Desktop/亚信-projects/和路通/和路通新版代码/CMCC_IOV_iOS/和路通/Classes/Common/Vender/CRKit/UIComponent/CRPickerView";
			sourceTree = "<group>";
		};
		E36621B38EA076FC7028BE49 /* Frameworks */ = {
			isa = PBXGroup;
			children = (
				3BA7483A584D98DD89C4EBBF /* libPods-CRKit.a */,
			);
			name = Frameworks;
			sourceTree = "<group>";
		};
/* End PBXGroup section */

/* Begin PBXNativeTarget section */
		DB6F25691D3729FF00B6CA60 /* CRKit */ = {
			isa = PBXNativeTarget;
			buildConfigurationList = DB6F257B1D3729FF00B6CA60 /* Build configuration list for PBXNativeTarget "CRKit" */;
			buildPhases = (
				BA89344F5A20583A1797D747 /* [CP] Check Pods Manifest.lock */,
				D01EA048049E7D4045831AED /* 📦 Check Pods Manifest.lock */,
				DB6F25661D3729FF00B6CA60 /* Sources */,
				DB6F25671D3729FF00B6CA60 /* Frameworks */,
				DB6F25681D3729FF00B6CA60 /* Resources */,
				A5BB315DFA3792265BF80C0B /* [CP] Copy Pods Resources */,
				4E069B1E2E574A3301E49B96 /* 📦 Copy Pods Resources */,
			);
			buildRules = (
			);
			dependencies = (
			);
			name = CRKit;
			productName = CRKit;
			productReference = DB6F256A1D3729FF00B6CA60 /* CRKit.app */;
			productType = "com.apple.product-type.application";
		};
/* End PBXNativeTarget section */

/* Begin PBXProject section */
		DB6F25621D3729FF00B6CA60 /* Project object */ = {
			isa = PBXProject;
			attributes = {
				CLASSPREFIX = CR;
				LastUpgradeCheck = 0730;
				ORGANIZATIONNAME = cocoaroger;
				TargetAttributes = {
					DB6F25691D3729FF00B6CA60 = {
						CreatedOnToolsVersion = 7.3.1;
						DevelopmentTeam = 7JGV58DRAE;
						ProvisioningStyle = Manual;
					};
				};
			};
			buildConfigurationList = DB6F25651D3729FF00B6CA60 /* Build configuration list for PBXProject "CRKit" */;
			compatibilityVersion = "Xcode 3.2";
			developmentRegion = English;
			hasScannedForEncodings = 0;
			knownRegions = (
				English,
				en,
				Base,
			);
			mainGroup = DB6F25611D3729FF00B6CA60;
			productRefGroup = DB6F256B1D3729FF00B6CA60 /* Products */;
			projectDirPath = "";
			projectRoot = "";
			targets = (
				DB6F25691D3729FF00B6CA60 /* CRKit */,
			);
		};
/* End PBXProject section */

/* Begin PBXResourcesBuildPhase section */
		DB6F25681D3729FF00B6CA60 /* Resources */ = {
			isa = PBXResourcesBuildPhase;
			buildActionMask = 2147483647;
			files = (
				DBDD527B1D37983000650D6A /* CRKit.podspec in Resources */,
				DBA60DC520EF4DC5002E5FCC /* CRTabbarSetting.plist in Resources */,
				DBA60FD120F307A6002E5FCC /* CRImage.bundle in Resources */,
				DB6F25741D3729FF00B6CA60 /* Assets.xcassets in Resources */,
				DB64E13320EF43B000B931B6 /* CRTabBarItems.plist in Resources */,
				DB334DF11D386E49000C5BF8 /* PodStep in Resources */,
				DB6F25771D3729FF00B6CA60 /* LaunchScreen.storyboard in Resources */,
			);
			runOnlyForDeploymentPostprocessing = 0;
		};
/* End PBXResourcesBuildPhase section */

/* Begin PBXShellScriptBuildPhase section */
		4E069B1E2E574A3301E49B96 /* 📦 Copy Pods Resources */ = {
			isa = PBXShellScriptBuildPhase;
			buildActionMask = 2147483647;
			files = (
			);
			inputPaths = (
			);
			name = "📦 Copy Pods Resources";
			outputPaths = (
			);
			runOnlyForDeploymentPostprocessing = 0;
			shellPath = /bin/sh;
			shellScript = "\"${SRCROOT}/Pods/Target Support Files/Pods-CRKit/Pods-CRKit-resources.sh\"\n";
			showEnvVarsInLog = 0;
		};
		A5BB315DFA3792265BF80C0B /* [CP] Copy Pods Resources */ = {
			isa = PBXShellScriptBuildPhase;
			buildActionMask = 2147483647;
			files = (
			);
			inputPaths = (
				"${PODS_ROOT}/Target Support Files/Pods-CRKit/Pods-CRKit-resources.sh",
				"${PODS_ROOT}/IQKeyboardManager/IQKeyboardManager/Resources/IQKeyboardManager.bundle",
				"${PODS_ROOT}/LFImagePickerController/LFImagePickerController/LFImagePickerController/class/LFImagePickerController.bundle",
				"${PODS_ROOT}/MJRefresh/MJRefresh/MJRefresh.bundle",
				"${PODS_ROOT}/PinYin4Objc/PinYin4Objc/Resources/unicode_to_hanyu_pinyin.txt",
			);
			name = "[CP] Copy Pods Resources";
			outputPaths = (
				"${TARGET_BUILD_DIR}/${UNLOCALIZED_RESOURCES_FOLDER_PATH}/IQKeyboardManager.bundle",
				"${TARGET_BUILD_DIR}/${UNLOCALIZED_RESOURCES_FOLDER_PATH}/LFImagePickerController.bundle",
				"${TARGET_BUILD_DIR}/${UNLOCALIZED_RESOURCES_FOLDER_PATH}/MJRefresh.bundle",
				"${TARGET_BUILD_DIR}/${UNLOCALIZED_RESOURCES_FOLDER_PATH}/unicode_to_hanyu_pinyin.txt",
			);
			runOnlyForDeploymentPostprocessing = 0;
			shellPath = /bin/sh;
			shellScript = "\"${PODS_ROOT}/Target Support Files/Pods-CRKit/Pods-CRKit-resources.sh\"\n";
			showEnvVarsInLog = 0;
		};
		BA89344F5A20583A1797D747 /* [CP] Check Pods Manifest.lock */ = {
			isa = PBXShellScriptBuildPhase;
			buildActionMask = 2147483647;
			files = (
			);
			inputPaths = (
				"${PODS_PODFILE_DIR_PATH}/Podfile.lock",
				"${PODS_ROOT}/Manifest.lock",
			);
			name = "[CP] Check Pods Manifest.lock";
			outputPaths = (
				"$(DERIVED_FILE_DIR)/Pods-CRKit-checkManifestLockResult.txt",
			);
			runOnlyForDeploymentPostprocessing = 0;
			shellPath = /bin/sh;
			shellScript = "diff \"${PODS_PODFILE_DIR_PATH}/Podfile.lock\" \"${PODS_ROOT}/Manifest.lock\" > /dev/null\nif [ $? != 0 ] ; then\n    # print error to STDERR\n    echo \"error: The sandbox is not in sync with the Podfile.lock. Run 'pod install' or update your CocoaPods installation.\" >&2\n    exit 1\nfi\n# This output is used by Xcode 'outputs' to avoid re-running this script phase.\necho \"SUCCESS\" > \"${SCRIPT_OUTPUT_FILE_0}\"\n";
			showEnvVarsInLog = 0;
		};
		D01EA048049E7D4045831AED /* 📦 Check Pods Manifest.lock */ = {
			isa = PBXShellScriptBuildPhase;
			buildActionMask = 2147483647;
			files = (
			);
			inputPaths = (
			);
			name = "📦 Check Pods Manifest.lock";
			outputPaths = (
			);
			runOnlyForDeploymentPostprocessing = 0;
			shellPath = /bin/sh;
			shellScript = "diff \"${PODS_ROOT}/../Podfile.lock\" \"${PODS_ROOT}/Manifest.lock\" > /dev/null\nif [[ $? != 0 ]] ; then\n    cat << EOM\nerror: The sandbox is not in sync with the Podfile.lock. Run 'pod install' or update your CocoaPods installation.\nEOM\n    exit 1\nfi\n";
			showEnvVarsInLog = 0;
		};
/* End PBXShellScriptBuildPhase section */

/* Begin PBXSourcesBuildPhase section */
		DB6F25661D3729FF00B6CA60 /* Sources */ = {
			isa = PBXSourcesBuildPhase;
			buildActionMask = 2147483647;
			files = (
				DB24001E2154E1F600E48101 /* UIButton+CRExtension.m in Sources */,
				DBA60F7F20F2F2F0002E5FCC /* NSKeyedUnarchiver+YYAdd.m in Sources */,
				DBA60F2820F2F063002E5FCC /* UIAlertController+Blocks.m in Sources */,
				DBA60F2520F2EFDE002E5FCC /* UIViewController+CRExtension.m in Sources */,
				DBA60F7520F2F2F0002E5FCC /* UIGestureRecognizer+YYAdd.m in Sources */,
				DBA60F8020F2F2F0002E5FCC /* NSTimer+YYAdd.m in Sources */,
				DBA60FB520F2F87E002E5FCC /* MASViewAttribute.m in Sources */,
				DBA60F7920F2F2F0002E5FCC /* NSArray+YYAdd.m in Sources */,
				DB24001B2154E1F600E48101 /* NSUserDefaults+CRExtension.m in Sources */,
				DBA60F8F20F2F717002E5FCC /* MBProgressHUD+CRExtension.m in Sources */,
				DBA60FB020F2F87E002E5FCC /* MASLayoutConstraint.m in Sources */,
				DBF8BB4A22BCAA6E00411054 /* CRDatePickerView.m in Sources */,
				DB2400192154E1F600E48101 /* UITextField+CRExtension.m in Sources */,
				DBA60F8C20F2F6D8002E5FCC /* MBProgressHUD.m in Sources */,
				DBA60F7120F2F2F0002E5FCC /* UIScrollView+YYAdd.m in Sources */,
				DB64E12120EF12B700B931B6 /* CRBaseController.m in Sources */,
				DBA60DC820EF58AB002E5FCC /* CRTestController.m in Sources */,
				DB6F25721D3729FF00B6CA60 /* AppDelegate.m in Sources */,
				DBA60F8820F2F2F0002E5FCC /* CALayer+YYAdd.m in Sources */,
				DBF8BB4622BCAA2200411054 /* CRScrollView.m in Sources */,
				DBA60F6C20F2F2F0002E5FCC /* UIBezierPath+YYAdd.m in Sources */,
				DB24001F2154E1F600E48101 /* UIImage+CRExtension.m in Sources */,
				DBA60F7D20F2F2F0002E5FCC /* NSData+YYAdd.m in Sources */,
				DB64E11720EF10A000B931B6 /* CRTimeButton.m in Sources */,
				DB6F256F1D3729FF00B6CA60 /* main.m in Sources */,
				DBA60F7720F2F2F0002E5FCC /* UIControl+YYAdd.m in Sources */,
				DBA60FAE20F2F87E002E5FCC /* MASCompositeConstraint.m in Sources */,
				DBA60FB320F2F87E002E5FCC /* MASConstraint.m in Sources */,
				DB24001D2154E1F600E48101 /* NSArray+CRExtension.m in Sources */,
				DBA60F8720F2F2F0002E5FCC /* YYCGUtilities.m in Sources */,
				DB64E12E20EF438800B931B6 /* CRTabBar.m in Sources */,
				DBA60F7420F2F2F0002E5FCC /* UIBarButtonItem+YYAdd.m in Sources */,
				DB64E10F20EF090400B931B6 /* NSString+CRExtention.m in Sources */,
				DBA60FC020F2FBBE002E5FCC /* CRUncaughtExceptionHandler.m in Sources */,
				DB64E12720EF12EC00B931B6 /* CRTabBarController.m in Sources */,
				DBA60FB120F2F87E002E5FCC /* NSArray+MASAdditions.m in Sources */,
				DBA60FB420F2F87E002E5FCC /* MASViewConstraint.m in Sources */,
				DBA60F7620F2F2F0002E5FCC /* UIImage+YYAdd.m in Sources */,
				DBA60F6F20F2F2F0002E5FCC /* UIApplication+YYAdd.m in Sources */,
				40283CFB1D3F073F00D6D0BA /* README.md in Sources */,
				DB6F25841D372C9100B6CA60 /* RootViewController.m in Sources */,
				DBA60F7820F2F2F0002E5FCC /* UIFont+YYAdd.m in Sources */,
				DBA60F8520F2F2F0002E5FCC /* NSDictionary+YYAdd.m in Sources */,
				DBA60F8320F2F2F0002E5FCC /* NSString+YYAdd.m in Sources */,
				DBA60FAD20F2F87E002E5FCC /* ViewController+MASAdditions.m in Sources */,
				DBA60FB220F2F87E002E5FCC /* View+MASAdditions.m in Sources */,
				DBF8BB4E22BCAA8700411054 /* CRNotificationView.m in Sources */,
				DBA60FCF20F2FECD002E5FCC /* CRWebViewController.m in Sources */,
				DB64E12420EF12D500B931B6 /* CRNavigationController.m in Sources */,
				DBA60F7B20F2F2F0002E5FCC /* NSBundle+YYAdd.m in Sources */,
				DB64E13120EF439A00B931B6 /* CRTabBarItemModel.m in Sources */,
				DBA60F6D20F2F2F0002E5FCC /* UIColor+YYAdd.m in Sources */,
				DBA60FB920F2F8FC002E5FCC /* UIView+CRExtension.m in Sources */,
				DBA60F7020F2F2F0002E5FCC /* UITableView+YYAdd.m in Sources */,
				DBA60FBC20F2FA2D002E5FCC /* UIAlertController+CRExtension.m in Sources */,
				DBA60FAF20F2F87E002E5FCC /* MASConstraintMaker.m in Sources */,
				DB64E12B20EF436000B931B6 /* CRTabBarItem.m in Sources */,
				DBA60F8620F2F2F0002E5FCC /* NSObject+YYAddForKVO.m in Sources */,
				DB2400172154E1F600E48101 /* UILabel+CRExtension.m in Sources */,
				DBA60F7C20F2F2F0002E5FCC /* NSObject+YYAdd.m in Sources */,
				DBA60F8420F2F2F0002E5FCC /* NSNotificationCenter+YYAdd.m in Sources */,
				DB2400182154E1F600E48101 /* UIImageView+CRExtension.m in Sources */,
				DBA60F7320F2F2F0002E5FCC /* UIView+YYAdd.m in Sources */,
				DBA60F8220F2F2F0002E5FCC /* NSDate+YYAdd.m in Sources */,
				DB24001A2154E1F600E48101 /* NSMutableAttributedString+CRExtension.m in Sources */,
				DBA60F7A20F2F2F0002E5FCC /* NSNumber+YYAdd.m in Sources */,
				DBA60F6B20F2F2F0002E5FCC /* UITextField+YYAdd.m in Sources */,
				DBA60FAC20F2F87E002E5FCC /* NSLayoutConstraint+MASDebugAdditions.m in Sources */,
				DBA60F6E20F2F2F0002E5FCC /* UIDevice+YYAdd.m in Sources */,
				DBF8BB5222BCAA9900411054 /* CRPickerView.m in Sources */,
				DBA60FC320F2FC7E002E5FCC /* CRSystemAuthorization.m in Sources */,
				DB24001C2154E1F600E48101 /* UIScrollView+CRExtension.m in Sources */,
				DBA60F7220F2F2F0002E5FCC /* UIScreen+YYAdd.m in Sources */,
			);
			runOnlyForDeploymentPostprocessing = 0;
		};
/* End PBXSourcesBuildPhase section */

/* Begin PBXVariantGroup section */
		DB6F25751D3729FF00B6CA60 /* LaunchScreen.storyboard */ = {
			isa = PBXVariantGroup;
			children = (
				DB6F25761D3729FF00B6CA60 /* Base */,
			);
			name = LaunchScreen.storyboard;
			sourceTree = "<group>";
		};
/* End PBXVariantGroup section */

/* Begin XCBuildConfiguration section */
		DB6F25791D3729FF00B6CA60 /* Debug */ = {
			isa = XCBuildConfiguration;
			buildSettings = {
				ALWAYS_SEARCH_USER_PATHS = NO;
				CLANG_ANALYZER_NONNULL = YES;
				CLANG_CXX_LANGUAGE_STANDARD = "gnu++0x";
				CLANG_CXX_LIBRARY = "libc++";
				CLANG_ENABLE_MODULES = YES;
				CLANG_ENABLE_OBJC_ARC = YES;
				CLANG_WARN_BOOL_CONVERSION = YES;
				CLANG_WARN_CONSTANT_CONVERSION = YES;
				CLANG_WARN_DIRECT_OBJC_ISA_USAGE = YES_ERROR;
				CLANG_WARN_EMPTY_BODY = YES;
				CLANG_WARN_ENUM_CONVERSION = YES;
				CLANG_WARN_INT_CONVERSION = YES;
				CLANG_WARN_OBJC_ROOT_CLASS = YES_ERROR;
				CLANG_WARN_UNREACHABLE_CODE = YES;
				CLANG_WARN__DUPLICATE_METHOD_MATCH = YES;
				"CODE_SIGN_IDENTITY[sdk=iphoneos*]" = "iPhone Developer";
				COPY_PHASE_STRIP = NO;
				DEBUG_INFORMATION_FORMAT = dwarf;
				ENABLE_STRICT_OBJC_MSGSEND = YES;
				ENABLE_TESTABILITY = YES;
				GCC_C_LANGUAGE_STANDARD = gnu99;
				GCC_DYNAMIC_NO_PIC = NO;
				GCC_NO_COMMON_BLOCKS = YES;
				GCC_OPTIMIZATION_LEVEL = 0;
				GCC_PREPROCESSOR_DEFINITIONS = (
					"DEBUG=1",
					"$(inherited)",
				);
				GCC_WARN_64_TO_32_BIT_CONVERSION = YES;
				GCC_WARN_ABOUT_RETURN_TYPE = YES_ERROR;
				GCC_WARN_UNDECLARED_SELECTOR = YES;
				GCC_WARN_UNINITIALIZED_AUTOS = YES_AGGRESSIVE;
				GCC_WARN_UNUSED_FUNCTION = YES;
				GCC_WARN_UNUSED_VARIABLE = YES;
				IPHONEOS_DEPLOYMENT_TARGET = 9.3;
				MTL_ENABLE_DEBUG_INFO = YES;
				ONLY_ACTIVE_ARCH = YES;
				SDKROOT = iphoneos;
			};
			name = Debug;
		};
		DB6F257A1D3729FF00B6CA60 /* Release */ = {
			isa = XCBuildConfiguration;
			buildSettings = {
				ALWAYS_SEARCH_USER_PATHS = NO;
				CLANG_ANALYZER_NONNULL = YES;
				CLANG_CXX_LANGUAGE_STANDARD = "gnu++0x";
				CLANG_CXX_LIBRARY = "libc++";
				CLANG_ENABLE_MODULES = YES;
				CLANG_ENABLE_OBJC_ARC = YES;
				CLANG_WARN_BOOL_CONVERSION = YES;
				CLANG_WARN_CONSTANT_CONVERSION = YES;
				CLANG_WARN_DIRECT_OBJC_ISA_USAGE = YES_ERROR;
				CLANG_WARN_EMPTY_BODY = YES;
				CLANG_WARN_ENUM_CONVERSION = YES;
				CLANG_WARN_INT_CONVERSION = YES;
				CLANG_WARN_OBJC_ROOT_CLASS = YES_ERROR;
				CLANG_WARN_UNREACHABLE_CODE = YES;
				CLANG_WARN__DUPLICATE_METHOD_MATCH = YES;
				"CODE_SIGN_IDENTITY[sdk=iphoneos*]" = "iPhone Developer";
				COPY_PHASE_STRIP = NO;
				DEBUG_INFORMATION_FORMAT = "dwarf-with-dsym";
				ENABLE_NS_ASSERTIONS = NO;
				ENABLE_STRICT_OBJC_MSGSEND = YES;
				GCC_C_LANGUAGE_STANDARD = gnu99;
				GCC_NO_COMMON_BLOCKS = YES;
				GCC_WARN_64_TO_32_BIT_CONVERSION = YES;
				GCC_WARN_ABOUT_RETURN_TYPE = YES_ERROR;
				GCC_WARN_UNDECLARED_SELECTOR = YES;
				GCC_WARN_UNINITIALIZED_AUTOS = YES_AGGRESSIVE;
				GCC_WARN_UNUSED_FUNCTION = YES;
				GCC_WARN_UNUSED_VARIABLE = YES;
				IPHONEOS_DEPLOYMENT_TARGET = 9.3;
				MTL_ENABLE_DEBUG_INFO = NO;
				SDKROOT = iphoneos;
				VALIDATE_PRODUCT = YES;
			};
			name = Release;
		};
		DB6F257C1D3729FF00B6CA60 /* Debug */ = {
			isa = XCBuildConfiguration;
			baseConfigurationReference = 29EE57A302C71FAD3FF2EAFA /* Pods-CRKit.debug.xcconfig */;
			buildSettings = {
				ASSETCATALOG_COMPILER_APPICON_NAME = AppIcon;
				CODE_SIGN_STYLE = Manual;
				DEVELOPMENT_TEAM = 7JGV58DRAE;
				INFOPLIST_FILE = CRKit/Info.plist;
				IPHONEOS_DEPLOYMENT_TARGET = 9.0;
				LD_RUNPATH_SEARCH_PATHS = "$(inherited) @executable_path/Frameworks";
				PRODUCT_BUNDLE_IDENTIFIER = com.cocoaroger.CRKit;
				PRODUCT_NAME = "$(TARGET_NAME)";
				PROVISIONING_PROFILE = "915e2d62-e85d-43ac-a32c-0506fc935a08";
				PROVISIONING_PROFILE_SPECIFIER = all;
			};
			name = Debug;
		};
		DB6F257D1D3729FF00B6CA60 /* Release */ = {
			isa = XCBuildConfiguration;
			baseConfigurationReference = F5296177818031174D9BBC81 /* Pods-CRKit.release.xcconfig */;
			buildSettings = {
				ASSETCATALOG_COMPILER_APPICON_NAME = AppIcon;
				CODE_SIGN_STYLE = Manual;
				DEVELOPMENT_TEAM = "";
				INFOPLIST_FILE = CRKit/Info.plist;
				IPHONEOS_DEPLOYMENT_TARGET = 9.0;
				LD_RUNPATH_SEARCH_PATHS = "$(inherited) @executable_path/Frameworks";
				PRODUCT_BUNDLE_IDENTIFIER = com.cocoaroger.CRKit;
				PRODUCT_NAME = "$(TARGET_NAME)";
				PROVISIONING_PROFILE_SPECIFIER = "";
			};
			name = Release;
		};
/* End XCBuildConfiguration section */

/* Begin XCConfigurationList section */
		DB6F25651D3729FF00B6CA60 /* Build configuration list for PBXProject "CRKit" */ = {
			isa = XCConfigurationList;
			buildConfigurations = (
				DB6F25791D3729FF00B6CA60 /* Debug */,
				DB6F257A1D3729FF00B6CA60 /* Release */,
			);
			defaultConfigurationIsVisible = 0;
			defaultConfigurationName = Release;
		};
		DB6F257B1D3729FF00B6CA60 /* Build configuration list for PBXNativeTarget "CRKit" */ = {
			isa = XCConfigurationList;
			buildConfigurations = (
				DB6F257C1D3729FF00B6CA60 /* Debug */,
				DB6F257D1D3729FF00B6CA60 /* Release */,
			);
			defaultConfigurationIsVisible = 0;
			defaultConfigurationName = Release;
		};
/* End XCConfigurationList section */
	};
	rootObject = DB6F25621D3729FF00B6CA60 /* Project object */;
}
